// !$*UTF8*$!
{
	archiveVersion = 1;
	classes = {
	};
	objectVersion = 46;
	objects = {

/* Begin PBXBuildFile section */
		691EF7CB1A94E551004E3777 /* IDPCellHeightCalculator.m in Sources */ = {isa = PBXBuildFile; fileRef = 691EF79C1A94E551004E3777 /* IDPCellHeightCalculator.m */; };
		691EF7CC1A94E551004E3777 /* IDPWebViewCellHeightCalculator.m in Sources */ = {isa = PBXBuildFile; fileRef = 691EF79E1A94E551004E3777 /* IDPWebViewCellHeightCalculator.m */; };
		691EF7CD1A94E551004E3777 /* IDPMailHistoryChainModel.m in Sources */ = {isa = PBXBuildFile; fileRef = 691EF7A11A94E551004E3777 /* IDPMailHistoryChainModel.m */; };
		691EF7CE1A94E551004E3777 /* IDPMailMessageModel.m in Sources */ = {isa = PBXBuildFile; fileRef = 691EF7A41A94E551004E3777 /* IDPMailMessageModel.m */; };
		691EF7CF1A94E551004E3777 /* IDPTableCacheObject.m in Sources */ = {isa = PBXBuildFile; fileRef = 691EF7A71A94E551004E3777 /* IDPTableCacheObject.m */; };
		691EF7D01A94E551004E3777 /* IDPBaseTableCell.m in Sources */ = {isa = PBXBuildFile; fileRef = 691EF7AB1A94E551004E3777 /* IDPBaseTableCell.m */; };
		691EF7D11A94E551004E3777 /* IDPMailListViewController.m in Sources */ = {isa = PBXBuildFile; fileRef = 691EF7AE1A94E551004E3777 /* IDPMailListViewController.m */; };
		691EF7D21A94E551004E3777 /* IDPMailListTableCellView.m in Sources */ = {isa = PBXBuildFile; fileRef = 691EF7B11A94E551004E3777 /* IDPMailListTableCellView.m */; };
		691EF7D31A94E551004E3777 /* IDPMailListTableCellView.xib in Resources */ = {isa = PBXBuildFile; fileRef = 691EF7B21A94E551004E3777 /* IDPMailListTableCellView.xib */; };
		691EF7D41A94E551004E3777 /* IDPMailListView.m in Sources */ = {isa = PBXBuildFile; fileRef = 691EF7B41A94E551004E3777 /* IDPMailListView.m */; };
		691EF7D51A94E551004E3777 /* IDPMailPreviewViewController.m in Sources */ = {isa = PBXBuildFile; fileRef = 691EF7B71A94E551004E3777 /* IDPMailPreviewViewController.m */; };
		691EF7D61A94E551004E3777 /* IDPMailPreviewTableCell.m in Sources */ = {isa = PBXBuildFile; fileRef = 691EF7BA1A94E551004E3777 /* IDPMailPreviewTableCell.m */; };
		691EF7D71A94E551004E3777 /* IDPMailPreviewTableCell.xib in Resources */ = {isa = PBXBuildFile; fileRef = 691EF7BB1A94E551004E3777 /* IDPMailPreviewTableCell.xib */; };
		691EF7D81A94E551004E3777 /* IDPMailPreviewView.m in Sources */ = {isa = PBXBuildFile; fileRef = 691EF7BD1A94E551004E3777 /* IDPMailPreviewView.m */; };
		691EF7D91A94E551004E3777 /* IDPMailTableView.m in Sources */ = {isa = PBXBuildFile; fileRef = 691EF7C01A94E551004E3777 /* IDPMailTableView.m */; };
		691EF7DA1A94E551004E3777 /* IDPScrollView.m in Sources */ = {isa = PBXBuildFile; fileRef = 691EF7C21A94E551004E3777 /* IDPScrollView.m */; };
		691EF7DB1A94E551004E3777 /* IDPMailDetailsViewController.m in Sources */ = {isa = PBXBuildFile; fileRef = 691EF7C51A94E551004E3777 /* IDPMailDetailsViewController.m */; };
		691EF7DC1A94E551004E3777 /* IDPMailViewCell.m in Sources */ = {isa = PBXBuildFile; fileRef = 691EF7C91A94E551004E3777 /* IDPMailViewCell.m */; };
		691EF7DD1A94E551004E3777 /* IDPMailViewCell.xib in Resources */ = {isa = PBXBuildFile; fileRef = 691EF7CA1A94E551004E3777 /* IDPMailViewCell.xib */; };
		691EF7E01A94E894004E3777 /* NSColor+IDPExtension.m in Sources */ = {isa = PBXBuildFile; fileRef = 691EF7DF1A94E894004E3777 /* NSColor+IDPExtension.m */; };
		691EF7E51A94F5D2004E3777 /* html-1.jpg in Resources */ = {isa = PBXBuildFile; fileRef = 691EF7E11A94F5D2004E3777 /* html-1.jpg */; };
		691EF7E61A94F5D2004E3777 /* html-2.jpg in Resources */ = {isa = PBXBuildFile; fileRef = 691EF7E21A94F5D2004E3777 /* html-2.jpg */; };
		691EF7E71A94F5D2004E3777 /* html-3.png in Resources */ = {isa = PBXBuildFile; fileRef = 691EF7E31A94F5D2004E3777 /* html-3.png */; };
		691EF7E81A94F5D2004E3777 /* html-4.png in Resources */ = {isa = PBXBuildFile; fileRef = 691EF7E41A94F5D2004E3777 /* html-4.png */; };
		6926C1401A88F91800FEA821 /* AppDelegate.m in Sources */ = {isa = PBXBuildFile; fileRef = 6926C13F1A88F91800FEA821 /* AppDelegate.m */; };
		6926C1421A88F91800FEA821 /* main.m in Sources */ = {isa = PBXBuildFile; fileRef = 6926C1411A88F91800FEA821 /* main.m */; };
		6926C1441A88F91800FEA821 /* Images.xcassets in Resources */ = {isa = PBXBuildFile; fileRef = 6926C1431A88F91800FEA821 /* Images.xcassets */; };
		6926C1471A88F91800FEA821 /* MainMenu.xib in Resources */ = {isa = PBXBuildFile; fileRef = 6926C1451A88F91800FEA821 /* MainMenu.xib */; };
		6926C1531A88F91800FEA821 /* IDPMailViewTests.m in Sources */ = {isa = PBXBuildFile; fileRef = 6926C1521A88F91800FEA821 /* IDPMailViewTests.m */; };
		6926C1911A89047C00FEA821 /* LICENSE in Resources */ = {isa = PBXBuildFile; fileRef = 6926C1851A89047C00FEA821 /* LICENSE */; };
		6926C1921A89047C00FEA821 /* README.md in Sources */ = {isa = PBXBuildFile; fileRef = 6926C1861A89047C00FEA821 /* README.md */; };
		6926C1931A89047C00FEA821 /* NSNib+IDPExtension.m in Sources */ = {isa = PBXBuildFile; fileRef = 6926C18A1A89047C00FEA821 /* NSNib+IDPExtension.m */; };
		698E25B01A8CD90400ED64AA /* test.html in Resources */ = {isa = PBXBuildFile; fileRef = 698E25AF1A8CD90400ED64AA /* test.html */; };
		69B6526F1A94837900C5B346 /* unread.tiff in Resources */ = {isa = PBXBuildFile; fileRef = 69B6526E1A94837900C5B346 /* unread.tiff */; };
		69B652791A9489BE00C5B346 /* NSViewController+IDPExtension.m in Sources */ = {isa = PBXBuildFile; fileRef = 69B652781A9489BE00C5B346 /* NSViewController+IDPExtension.m */; };
		69B7B2611A8B437B00B3FFD2 /* NSTableView+IDPExtension.m in Sources */ = {isa = PBXBuildFile; fileRef = 69B7B2601A8B437B00B3FFD2 /* NSTableView+IDPExtension.m */; };
		69B7B2671A8B810800B3FFD2 /* testEmailFile.html in Resources */ = {isa = PBXBuildFile; fileRef = 69B7B2661A8B810800B3FFD2 /* testEmailFile.html */; };
		69B7B2691A8B828100B3FFD2 /* WebKit.framework in Frameworks */ = {isa = PBXBuildFile; fileRef = 69B7B2681A8B828100B3FFD2 /* WebKit.framework */; };
		69BC7A861A95D99D003FD7CD /* DateTools.bundle in Resources */ = {isa = PBXBuildFile; fileRef = 69BC7A771A95D99D003FD7CD /* DateTools.bundle */; };
		69BC7A871A95D99D003FD7CD /* DTError.m in Sources */ = {isa = PBXBuildFile; fileRef = 69BC7A7B1A95D99D003FD7CD /* DTError.m */; };
		69BC7A881A95D99D003FD7CD /* DTTimePeriod.m in Sources */ = {isa = PBXBuildFile; fileRef = 69BC7A7D1A95D99D003FD7CD /* DTTimePeriod.m */; };
		69BC7A891A95D99D003FD7CD /* DTTimePeriodChain.m in Sources */ = {isa = PBXBuildFile; fileRef = 69BC7A7F1A95D99D003FD7CD /* DTTimePeriodChain.m */; };
		69BC7A8A1A95D99D003FD7CD /* DTTimePeriodCollection.m in Sources */ = {isa = PBXBuildFile; fileRef = 69BC7A811A95D99D003FD7CD /* DTTimePeriodCollection.m */; };
		69BC7A8B1A95D99D003FD7CD /* DTTimePeriodGroup.m in Sources */ = {isa = PBXBuildFile; fileRef = 69BC7A831A95D99D003FD7CD /* DTTimePeriodGroup.m */; };
		69BC7A8C1A95D99D003FD7CD /* NSDate+DateTools.m in Sources */ = {isa = PBXBuildFile; fileRef = 69BC7A851A95D99D003FD7CD /* NSDate+DateTools.m */; };
		69BD86FE1A93C5BF00537B19 /* NSMutableArray+IDPExtensions.m in Sources */ = {isa = PBXBuildFile; fileRef = 69BD86FD1A93C5BF00537B19 /* NSMutableArray+IDPExtensions.m */; };
		69C0174F1A8E008B0024FD97 /* test-2.html in Resources */ = {isa = PBXBuildFile; fileRef = 69C0174E1A8E008B0024FD97 /* test-2.html */; };
		69C018241A8E48770024FD97 /* html files in Resources */ = {isa = PBXBuildFile; fileRef = 69C018231A8E48770024FD97 /* html files */; };
		69EE2FC41A8BB3360058045D /* NSView+IDPExtension.m in Sources */ = {isa = PBXBuildFile; fileRef = 69EE2FC31A8BB3360058045D /* NSView+IDPExtension.m */; };
/* End PBXBuildFile section */

/* Begin PBXContainerItemProxy section */
		6926C14D1A88F91800FEA821 /* PBXContainerItemProxy */ = {
			isa = PBXContainerItemProxy;
			containerPortal = 6926C1311A88F91800FEA821 /* Project object */;
			proxyType = 1;
			remoteGlobalIDString = 6926C1381A88F91800FEA821;
			remoteInfo = IDPMailView;
		};
/* End PBXContainerItemProxy section */

/* Begin PBXFileReference section */
		691EF79B1A94E551004E3777 /* IDPCellHeightCalculator.h */ = {isa = PBXFileReference; fileEncoding = 4; lastKnownFileType = sourcecode.c.h; path = IDPCellHeightCalculator.h; sourceTree = "<group>"; };
		691EF79C1A94E551004E3777 /* IDPCellHeightCalculator.m */ = {isa = PBXFileReference; fileEncoding = 4; lastKnownFileType = sourcecode.c.objc; path = IDPCellHeightCalculator.m; sourceTree = "<group>"; };
		691EF79D1A94E551004E3777 /* IDPWebViewCellHeightCalculator.h */ = {isa = PBXFileReference; fileEncoding = 4; lastKnownFileType = sourcecode.c.h; path = IDPWebViewCellHeightCalculator.h; sourceTree = "<group>"; };
		691EF79E1A94E551004E3777 /* IDPWebViewCellHeightCalculator.m */ = {isa = PBXFileReference; fileEncoding = 4; lastKnownFileType = sourcecode.c.objc; path = IDPWebViewCellHeightCalculator.m; sourceTree = "<group>"; };
		691EF7A01A94E551004E3777 /* IDPMailHistoryChainModel.h */ = {isa = PBXFileReference; fileEncoding = 4; lastKnownFileType = sourcecode.c.h; path = IDPMailHistoryChainModel.h; sourceTree = "<group>"; };
		691EF7A11A94E551004E3777 /* IDPMailHistoryChainModel.m */ = {isa = PBXFileReference; fileEncoding = 4; lastKnownFileType = sourcecode.c.objc; path = IDPMailHistoryChainModel.m; sourceTree = "<group>"; };
		691EF7A31A94E551004E3777 /* IDPMailMessageModel.h */ = {isa = PBXFileReference; fileEncoding = 4; lastKnownFileType = sourcecode.c.h; path = IDPMailMessageModel.h; sourceTree = "<group>"; };
		691EF7A41A94E551004E3777 /* IDPMailMessageModel.m */ = {isa = PBXFileReference; fileEncoding = 4; lastKnownFileType = sourcecode.c.objc; path = IDPMailMessageModel.m; sourceTree = "<group>"; };
		691EF7A61A94E551004E3777 /* IDPTableCacheObject.h */ = {isa = PBXFileReference; fileEncoding = 4; lastKnownFileType = sourcecode.c.h; path = IDPTableCacheObject.h; sourceTree = "<group>"; };
		691EF7A71A94E551004E3777 /* IDPTableCacheObject.m */ = {isa = PBXFileReference; fileEncoding = 4; lastKnownFileType = sourcecode.c.objc; path = IDPTableCacheObject.m; sourceTree = "<group>"; };
		691EF7AA1A94E551004E3777 /* IDPBaseTableCell.h */ = {isa = PBXFileReference; fileEncoding = 4; lastKnownFileType = sourcecode.c.h; path = IDPBaseTableCell.h; sourceTree = "<group>"; };
		691EF7AB1A94E551004E3777 /* IDPBaseTableCell.m */ = {isa = PBXFileReference; fileEncoding = 4; lastKnownFileType = sourcecode.c.objc; path = IDPBaseTableCell.m; sourceTree = "<group>"; };
		691EF7AD1A94E551004E3777 /* IDPMailListViewController.h */ = {isa = PBXFileReference; fileEncoding = 4; lastKnownFileType = sourcecode.c.h; path = IDPMailListViewController.h; sourceTree = "<group>"; };
		691EF7AE1A94E551004E3777 /* IDPMailListViewController.m */ = {isa = PBXFileReference; fileEncoding = 4; lastKnownFileType = sourcecode.c.objc; path = IDPMailListViewController.m; sourceTree = "<group>"; };
		691EF7B01A94E551004E3777 /* IDPMailListTableCellView.h */ = {isa = PBXFileReference; fileEncoding = 4; lastKnownFileType = sourcecode.c.h; path = IDPMailListTableCellView.h; sourceTree = "<group>"; };
		691EF7B11A94E551004E3777 /* IDPMailListTableCellView.m */ = {isa = PBXFileReference; fileEncoding = 4; lastKnownFileType = sourcecode.c.objc; path = IDPMailListTableCellView.m; sourceTree = "<group>"; };
		691EF7B21A94E551004E3777 /* IDPMailListTableCellView.xib */ = {isa = PBXFileReference; fileEncoding = 4; lastKnownFileType = file.xib; path = IDPMailListTableCellView.xib; sourceTree = "<group>"; };
		691EF7B31A94E551004E3777 /* IDPMailListView.h */ = {isa = PBXFileReference; fileEncoding = 4; lastKnownFileType = sourcecode.c.h; path = IDPMailListView.h; sourceTree = "<group>"; };
		691EF7B41A94E551004E3777 /* IDPMailListView.m */ = {isa = PBXFileReference; fileEncoding = 4; lastKnownFileType = sourcecode.c.objc; path = IDPMailListView.m; sourceTree = "<group>"; };
		691EF7B61A94E551004E3777 /* IDPMailPreviewViewController.h */ = {isa = PBXFileReference; fileEncoding = 4; lastKnownFileType = sourcecode.c.h; path = IDPMailPreviewViewController.h; sourceTree = "<group>"; };
		691EF7B71A94E551004E3777 /* IDPMailPreviewViewController.m */ = {isa = PBXFileReference; fileEncoding = 4; lastKnownFileType = sourcecode.c.objc; path = IDPMailPreviewViewController.m; sourceTree = "<group>"; };
		691EF7B91A94E551004E3777 /* IDPMailPreviewTableCell.h */ = {isa = PBXFileReference; fileEncoding = 4; lastKnownFileType = sourcecode.c.h; path = IDPMailPreviewTableCell.h; sourceTree = "<group>"; };
		691EF7BA1A94E551004E3777 /* IDPMailPreviewTableCell.m */ = {isa = PBXFileReference; fileEncoding = 4; lastKnownFileType = sourcecode.c.objc; path = IDPMailPreviewTableCell.m; sourceTree = "<group>"; };
		691EF7BB1A94E551004E3777 /* IDPMailPreviewTableCell.xib */ = {isa = PBXFileReference; fileEncoding = 4; lastKnownFileType = file.xib; path = IDPMailPreviewTableCell.xib; sourceTree = "<group>"; };
		691EF7BC1A94E551004E3777 /* IDPMailPreviewView.h */ = {isa = PBXFileReference; fileEncoding = 4; lastKnownFileType = sourcecode.c.h; path = IDPMailPreviewView.h; sourceTree = "<group>"; };
		691EF7BD1A94E551004E3777 /* IDPMailPreviewView.m */ = {isa = PBXFileReference; fileEncoding = 4; lastKnownFileType = sourcecode.c.objc; path = IDPMailPreviewView.m; sourceTree = "<group>"; };
		691EF7BF1A94E551004E3777 /* IDPMailTableView.h */ = {isa = PBXFileReference; fileEncoding = 4; lastKnownFileType = sourcecode.c.h; path = IDPMailTableView.h; sourceTree = "<group>"; };
		691EF7C01A94E551004E3777 /* IDPMailTableView.m */ = {isa = PBXFileReference; fileEncoding = 4; lastKnownFileType = sourcecode.c.objc; path = IDPMailTableView.m; sourceTree = "<group>"; };
		691EF7C11A94E551004E3777 /* IDPScrollView.h */ = {isa = PBXFileReference; fileEncoding = 4; lastKnownFileType = sourcecode.c.h; path = IDPScrollView.h; sourceTree = "<group>"; };
		691EF7C21A94E551004E3777 /* IDPScrollView.m */ = {isa = PBXFileReference; fileEncoding = 4; lastKnownFileType = sourcecode.c.objc; path = IDPScrollView.m; sourceTree = "<group>"; };
		691EF7C41A94E551004E3777 /* IDPMailDetailsViewController.h */ = {isa = PBXFileReference; fileEncoding = 4; lastKnownFileType = sourcecode.c.h; path = IDPMailDetailsViewController.h; sourceTree = "<group>"; };
		691EF7C51A94E551004E3777 /* IDPMailDetailsViewController.m */ = {isa = PBXFileReference; fileEncoding = 4; lastKnownFileType = sourcecode.c.objc; path = IDPMailDetailsViewController.m; sourceTree = "<group>"; };
		691EF7C71A94E551004E3777 /* IDPMailCellProtocol.h */ = {isa = PBXFileReference; fileEncoding = 4; lastKnownFileType = sourcecode.c.h; path = IDPMailCellProtocol.h; sourceTree = "<group>"; };
		691EF7C81A94E551004E3777 /* IDPMailViewCell.h */ = {isa = PBXFileReference; fileEncoding = 4; lastKnownFileType = sourcecode.c.h; path = IDPMailViewCell.h; sourceTree = "<group>"; };
		691EF7C91A94E551004E3777 /* IDPMailViewCell.m */ = {isa = PBXFileReference; fileEncoding = 4; lastKnownFileType = sourcecode.c.objc; path = IDPMailViewCell.m; sourceTree = "<group>"; };
		691EF7CA1A94E551004E3777 /* IDPMailViewCell.xib */ = {isa = PBXFileReference; fileEncoding = 4; lastKnownFileType = file.xib; path = IDPMailViewCell.xib; sourceTree = "<group>"; };
		691EF7DE1A94E894004E3777 /* NSColor+IDPExtension.h */ = {isa = PBXFileReference; fileEncoding = 4; lastKnownFileType = sourcecode.c.h; path = "NSColor+IDPExtension.h"; sourceTree = "<group>"; };
		691EF7DF1A94E894004E3777 /* NSColor+IDPExtension.m */ = {isa = PBXFileReference; fileEncoding = 4; lastKnownFileType = sourcecode.c.objc; path = "NSColor+IDPExtension.m"; sourceTree = "<group>"; };
		691EF7E11A94F5D2004E3777 /* html-1.jpg */ = {isa = PBXFileReference; lastKnownFileType = image.jpeg; path = "html-1.jpg"; sourceTree = "<group>"; };
		691EF7E21A94F5D2004E3777 /* html-2.jpg */ = {isa = PBXFileReference; lastKnownFileType = image.jpeg; path = "html-2.jpg"; sourceTree = "<group>"; };
		691EF7E31A94F5D2004E3777 /* html-3.png */ = {isa = PBXFileReference; lastKnownFileType = image.png; path = "html-3.png"; sourceTree = "<group>"; };
		691EF7E41A94F5D2004E3777 /* html-4.png */ = {isa = PBXFileReference; lastKnownFileType = image.png; path = "html-4.png"; sourceTree = "<group>"; };
		6926C1391A88F91800FEA821 /* IDPMailView.app */ = {isa = PBXFileReference; explicitFileType = wrapper.application; includeInIndex = 0; path = IDPMailView.app; sourceTree = BUILT_PRODUCTS_DIR; };
		6926C13D1A88F91800FEA821 /* Info.plist */ = {isa = PBXFileReference; lastKnownFileType = text.plist.xml; path = Info.plist; sourceTree = "<group>"; };
		6926C13E1A88F91800FEA821 /* AppDelegate.h */ = {isa = PBXFileReference; lastKnownFileType = sourcecode.c.h; path = AppDelegate.h; sourceTree = "<group>"; };
		6926C13F1A88F91800FEA821 /* AppDelegate.m */ = {isa = PBXFileReference; lastKnownFileType = sourcecode.c.objc; path = AppDelegate.m; sourceTree = "<group>"; };
		6926C1411A88F91800FEA821 /* main.m */ = {isa = PBXFileReference; lastKnownFileType = sourcecode.c.objc; path = main.m; sourceTree = "<group>"; };
		6926C1431A88F91800FEA821 /* Images.xcassets */ = {isa = PBXFileReference; lastKnownFileType = folder.assetcatalog; path = Images.xcassets; sourceTree = "<group>"; };
		6926C1461A88F91800FEA821 /* Base */ = {isa = PBXFileReference; lastKnownFileType = file.xib; name = Base; path = Base.lproj/MainMenu.xib; sourceTree = "<group>"; };
		6926C14C1A88F91800FEA821 /* IDPMailViewTests.xctest */ = {isa = PBXFileReference; explicitFileType = wrapper.cfbundle; includeInIndex = 0; path = IDPMailViewTests.xctest; sourceTree = BUILT_PRODUCTS_DIR; };
		6926C1511A88F91800FEA821 /* Info.plist */ = {isa = PBXFileReference; lastKnownFileType = text.plist.xml; path = Info.plist; sourceTree = "<group>"; };
		6926C1521A88F91800FEA821 /* IDPMailViewTests.m */ = {isa = PBXFileReference; lastKnownFileType = sourcecode.c.objc; path = IDPMailViewTests.m; sourceTree = "<group>"; };
		6926C1851A89047C00FEA821 /* LICENSE */ = {isa = PBXFileReference; fileEncoding = 4; lastKnownFileType = text; path = LICENSE; sourceTree = "<group>"; };
		6926C1861A89047C00FEA821 /* README.md */ = {isa = PBXFileReference; fileEncoding = 4; lastKnownFileType = net.daringfireball.markdown; path = README.md; sourceTree = "<group>"; };
		6926C1881A89047C00FEA821 /* AppKitKit.h */ = {isa = PBXFileReference; fileEncoding = 4; lastKnownFileType = sourcecode.c.h; path = AppKitKit.h; sourceTree = "<group>"; };
		6926C1891A89047C00FEA821 /* NSNib+IDPExtension.h */ = {isa = PBXFileReference; fileEncoding = 4; lastKnownFileType = sourcecode.c.h; path = "NSNib+IDPExtension.h"; sourceTree = "<group>"; };
		6926C18A1A89047C00FEA821 /* NSNib+IDPExtension.m */ = {isa = PBXFileReference; fileEncoding = 4; lastKnownFileType = sourcecode.c.objc; path = "NSNib+IDPExtension.m"; sourceTree = "<group>"; };
		698E25AF1A8CD90400ED64AA /* test.html */ = {isa = PBXFileReference; fileEncoding = 4; lastKnownFileType = text.html; path = test.html; sourceTree = "<group>"; };
		69B6526E1A94837900C5B346 /* unread.tiff */ = {isa = PBXFileReference; lastKnownFileType = image.tiff; path = unread.tiff; sourceTree = "<group>"; };
		69B652771A9489BE00C5B346 /* NSViewController+IDPExtension.h */ = {isa = PBXFileReference; fileEncoding = 4; lastKnownFileType = sourcecode.c.h; path = "NSViewController+IDPExtension.h"; sourceTree = "<group>"; };
		69B652781A9489BE00C5B346 /* NSViewController+IDPExtension.m */ = {isa = PBXFileReference; fileEncoding = 4; lastKnownFileType = sourcecode.c.objc; path = "NSViewController+IDPExtension.m"; sourceTree = "<group>"; };
		69B7B25F1A8B437B00B3FFD2 /* NSTableView+IDPExtension.h */ = {isa = PBXFileReference; fileEncoding = 4; lastKnownFileType = sourcecode.c.h; path = "NSTableView+IDPExtension.h"; sourceTree = "<group>"; };
		69B7B2601A8B437B00B3FFD2 /* NSTableView+IDPExtension.m */ = {isa = PBXFileReference; fileEncoding = 4; lastKnownFileType = sourcecode.c.objc; path = "NSTableView+IDPExtension.m"; sourceTree = "<group>"; };
		69B7B2661A8B810800B3FFD2 /* testEmailFile.html */ = {isa = PBXFileReference; fileEncoding = 4; lastKnownFileType = text.html; path = testEmailFile.html; sourceTree = "<group>"; };
		69B7B2681A8B828100B3FFD2 /* WebKit.framework */ = {isa = PBXFileReference; lastKnownFileType = wrapper.framework; name = WebKit.framework; path = System/Library/Frameworks/WebKit.framework; sourceTree = SDKROOT; };
		69BC27901A8A5FC700F30FC0 /* IDPConstants.h */ = {isa = PBXFileReference; fileEncoding = 4; lastKnownFileType = sourcecode.c.h; path = IDPConstants.h; sourceTree = "<group>"; };
		69BC7A771A95D99D003FD7CD /* DateTools.bundle */ = {isa = PBXFileReference; lastKnownFileType = "wrapper.plug-in"; path = DateTools.bundle; sourceTree = "<group>"; };
		69BC7A781A95D99D003FD7CD /* DateTools.h */ = {isa = PBXFileReference; fileEncoding = 4; lastKnownFileType = sourcecode.c.h; path = DateTools.h; sourceTree = "<group>"; };
		69BC7A791A95D99D003FD7CD /* DTConstants.h */ = {isa = PBXFileReference; fileEncoding = 4; lastKnownFileType = sourcecode.c.h; path = DTConstants.h; sourceTree = "<group>"; };
		69BC7A7A1A95D99D003FD7CD /* DTError.h */ = {isa = PBXFileReference; fileEncoding = 4; lastKnownFileType = sourcecode.c.h; path = DTError.h; sourceTree = "<group>"; };
		69BC7A7B1A95D99D003FD7CD /* DTError.m */ = {isa = PBXFileReference; fileEncoding = 4; lastKnownFileType = sourcecode.c.objc; path = DTError.m; sourceTree = "<group>"; };
		69BC7A7C1A95D99D003FD7CD /* DTTimePeriod.h */ = {isa = PBXFileReference; fileEncoding = 4; lastKnownFileType = sourcecode.c.h; path = DTTimePeriod.h; sourceTree = "<group>"; };
		69BC7A7D1A95D99D003FD7CD /* DTTimePeriod.m */ = {isa = PBXFileReference; fileEncoding = 4; lastKnownFileType = sourcecode.c.objc; path = DTTimePeriod.m; sourceTree = "<group>"; };
		69BC7A7E1A95D99D003FD7CD /* DTTimePeriodChain.h */ = {isa = PBXFileReference; fileEncoding = 4; lastKnownFileType = sourcecode.c.h; path = DTTimePeriodChain.h; sourceTree = "<group>"; };
		69BC7A7F1A95D99D003FD7CD /* DTTimePeriodChain.m */ = {isa = PBXFileReference; fileEncoding = 4; lastKnownFileType = sourcecode.c.objc; path = DTTimePeriodChain.m; sourceTree = "<group>"; };
		69BC7A801A95D99D003FD7CD /* DTTimePeriodCollection.h */ = {isa = PBXFileReference; fileEncoding = 4; lastKnownFileType = sourcecode.c.h; path = DTTimePeriodCollection.h; sourceTree = "<group>"; };
		69BC7A811A95D99D003FD7CD /* DTTimePeriodCollection.m */ = {isa = PBXFileReference; fileEncoding = 4; lastKnownFileType = sourcecode.c.objc; path = DTTimePeriodCollection.m; sourceTree = "<group>"; };
		69BC7A821A95D99D003FD7CD /* DTTimePeriodGroup.h */ = {isa = PBXFileReference; fileEncoding = 4; lastKnownFileType = sourcecode.c.h; path = DTTimePeriodGroup.h; sourceTree = "<group>"; };
		69BC7A831A95D99D003FD7CD /* DTTimePeriodGroup.m */ = {isa = PBXFileReference; fileEncoding = 4; lastKnownFileType = sourcecode.c.objc; path = DTTimePeriodGroup.m; sourceTree = "<group>"; };
		69BC7A841A95D99D003FD7CD /* NSDate+DateTools.h */ = {isa = PBXFileReference; fileEncoding = 4; lastKnownFileType = sourcecode.c.h; path = "NSDate+DateTools.h"; sourceTree = "<group>"; };
		69BC7A851A95D99D003FD7CD /* NSDate+DateTools.m */ = {isa = PBXFileReference; fileEncoding = 4; lastKnownFileType = sourcecode.c.objc; path = "NSDate+DateTools.m"; sourceTree = "<group>"; };
		69BD86FC1A93C5BF00537B19 /* NSMutableArray+IDPExtensions.h */ = {isa = PBXFileReference; fileEncoding = 4; lastKnownFileType = sourcecode.c.h; path = "NSMutableArray+IDPExtensions.h"; sourceTree = "<group>"; };
		69BD86FD1A93C5BF00537B19 /* NSMutableArray+IDPExtensions.m */ = {isa = PBXFileReference; fileEncoding = 4; lastKnownFileType = sourcecode.c.objc; path = "NSMutableArray+IDPExtensions.m"; sourceTree = "<group>"; };
		69C0174E1A8E008B0024FD97 /* test-2.html */ = {isa = PBXFileReference; fileEncoding = 4; lastKnownFileType = text.html; path = "test-2.html"; sourceTree = "<group>"; };
		69C018231A8E48770024FD97 /* html files */ = {isa = PBXFileReference; lastKnownFileType = folder; name = "html files"; path = "resources/html files"; sourceTree = "<group>"; };
		69EE2FC21A8BB3360058045D /* NSView+IDPExtension.h */ = {isa = PBXFileReference; fileEncoding = 4; lastKnownFileType = sourcecode.c.h; path = "NSView+IDPExtension.h"; sourceTree = "<group>"; };
		69EE2FC31A8BB3360058045D /* NSView+IDPExtension.m */ = {isa = PBXFileReference; fileEncoding = 4; lastKnownFileType = sourcecode.c.objc; path = "NSView+IDPExtension.m"; sourceTree = "<group>"; };
/* End PBXFileReference section */

/* Begin PBXFrameworksBuildPhase section */
		6926C1361A88F91800FEA821 /* Frameworks */ = {
			isa = PBXFrameworksBuildPhase;
			buildActionMask = 2147483647;
			files = (
				69B7B2691A8B828100B3FFD2 /* WebKit.framework in Frameworks */,
			);
			runOnlyForDeploymentPostprocessing = 0;
		};
		6926C1491A88F91800FEA821 /* Frameworks */ = {
			isa = PBXFrameworksBuildPhase;
			buildActionMask = 2147483647;
			files = (
			);
			runOnlyForDeploymentPostprocessing = 0;
		};
/* End PBXFrameworksBuildPhase section */

/* Begin PBXGroup section */
		691EF7991A94E551004E3777 /* Models */ = {
			isa = PBXGroup;
			children = (
				691EF79A1A94E551004E3777 /* IDPCellHeightCalculator */,
				691EF79F1A94E551004E3777 /* IDPMailHistoryChainModel */,
				691EF7A21A94E551004E3777 /* IDPMailMessageModel */,
				691EF7A51A94E551004E3777 /* IDPTableChacheObject */,
			);
			path = Models;
			sourceTree = "<group>";
		};
		691EF79A1A94E551004E3777 /* IDPCellHeightCalculator */ = {
			isa = PBXGroup;
			children = (
				691EF79B1A94E551004E3777 /* IDPCellHeightCalculator.h */,
				691EF79C1A94E551004E3777 /* IDPCellHeightCalculator.m */,
				691EF79D1A94E551004E3777 /* IDPWebViewCellHeightCalculator.h */,
				691EF79E1A94E551004E3777 /* IDPWebViewCellHeightCalculator.m */,
			);
			path = IDPCellHeightCalculator;
			sourceTree = "<group>";
		};
		691EF79F1A94E551004E3777 /* IDPMailHistoryChainModel */ = {
			isa = PBXGroup;
			children = (
				691EF7A01A94E551004E3777 /* IDPMailHistoryChainModel.h */,
				691EF7A11A94E551004E3777 /* IDPMailHistoryChainModel.m */,
			);
			path = IDPMailHistoryChainModel;
			sourceTree = "<group>";
		};
		691EF7A21A94E551004E3777 /* IDPMailMessageModel */ = {
			isa = PBXGroup;
			children = (
				691EF7A31A94E551004E3777 /* IDPMailMessageModel.h */,
				691EF7A41A94E551004E3777 /* IDPMailMessageModel.m */,
			);
			path = IDPMailMessageModel;
			sourceTree = "<group>";
		};
		691EF7A51A94E551004E3777 /* IDPTableChacheObject */ = {
			isa = PBXGroup;
			children = (
				691EF7A61A94E551004E3777 /* IDPTableCacheObject.h */,
				691EF7A71A94E551004E3777 /* IDPTableCacheObject.m */,
			);
			path = IDPTableChacheObject;
			sourceTree = "<group>";
		};
		691EF7A81A94E551004E3777 /* UI */ = {
			isa = PBXGroup;
			children = (
				691EF7A91A94E551004E3777 /* IDPBaseTableCell */,
				691EF7AC1A94E551004E3777 /* IDPMailListViewController */,
				691EF7B51A94E551004E3777 /* IDPMailPreviewViewController */,
				691EF7BE1A94E551004E3777 /* IDPMailTableView */,
				691EF7C31A94E551004E3777 /* IDPTestViewController */,
			);
			path = UI;
			sourceTree = "<group>";
		};
		691EF7A91A94E551004E3777 /* IDPBaseTableCell */ = {
			isa = PBXGroup;
			children = (
				691EF7AA1A94E551004E3777 /* IDPBaseTableCell.h */,
				691EF7AB1A94E551004E3777 /* IDPBaseTableCell.m */,
			);
			path = IDPBaseTableCell;
			sourceTree = "<group>";
		};
		691EF7AC1A94E551004E3777 /* IDPMailListViewController */ = {
			isa = PBXGroup;
			children = (
				691EF7AD1A94E551004E3777 /* IDPMailListViewController.h */,
				691EF7AE1A94E551004E3777 /* IDPMailListViewController.m */,
				691EF7AF1A94E551004E3777 /* View */,
			);
			path = IDPMailListViewController;
			sourceTree = "<group>";
		};
		691EF7AF1A94E551004E3777 /* View */ = {
			isa = PBXGroup;
			children = (
				691EF7B01A94E551004E3777 /* IDPMailListTableCellView.h */,
				691EF7B11A94E551004E3777 /* IDPMailListTableCellView.m */,
				691EF7B21A94E551004E3777 /* IDPMailListTableCellView.xib */,
				691EF7B31A94E551004E3777 /* IDPMailListView.h */,
				691EF7B41A94E551004E3777 /* IDPMailListView.m */,
			);
			path = View;
			sourceTree = "<group>";
		};
		691EF7B51A94E551004E3777 /* IDPMailPreviewViewController */ = {
			isa = PBXGroup;
			children = (
				691EF7B61A94E551004E3777 /* IDPMailPreviewViewController.h */,
				691EF7B71A94E551004E3777 /* IDPMailPreviewViewController.m */,
				691EF7B81A94E551004E3777 /* View */,
			);
			path = IDPMailPreviewViewController;
			sourceTree = "<group>";
		};
		691EF7B81A94E551004E3777 /* View */ = {
			isa = PBXGroup;
			children = (
				691EF7B91A94E551004E3777 /* IDPMailPreviewTableCell.h */,
				691EF7BA1A94E551004E3777 /* IDPMailPreviewTableCell.m */,
				691EF7BB1A94E551004E3777 /* IDPMailPreviewTableCell.xib */,
				691EF7BC1A94E551004E3777 /* IDPMailPreviewView.h */,
				691EF7BD1A94E551004E3777 /* IDPMailPreviewView.m */,
			);
			path = View;
			sourceTree = "<group>";
		};
		691EF7BE1A94E551004E3777 /* IDPMailTableView */ = {
			isa = PBXGroup;
			children = (
				691EF7BF1A94E551004E3777 /* IDPMailTableView.h */,
				691EF7C01A94E551004E3777 /* IDPMailTableView.m */,
				691EF7C11A94E551004E3777 /* IDPScrollView.h */,
				691EF7C21A94E551004E3777 /* IDPScrollView.m */,
			);
			path = IDPMailTableView;
			sourceTree = "<group>";
		};
		691EF7C31A94E551004E3777 /* IDPTestViewController */ = {
			isa = PBXGroup;
			children = (
				691EF7C41A94E551004E3777 /* IDPMailDetailsViewController.h */,
				691EF7C51A94E551004E3777 /* IDPMailDetailsViewController.m */,
				691EF7C61A94E551004E3777 /* View */,
			);
			path = IDPTestViewController;
			sourceTree = "<group>";
		};
		691EF7C61A94E551004E3777 /* View */ = {
			isa = PBXGroup;
			children = (
				691EF7C71A94E551004E3777 /* IDPMailCellProtocol.h */,
				691EF7C81A94E551004E3777 /* IDPMailViewCell.h */,
				691EF7C91A94E551004E3777 /* IDPMailViewCell.m */,
				691EF7CA1A94E551004E3777 /* IDPMailViewCell.xib */,
			);
			path = View;
			sourceTree = "<group>";
		};
		6926C1301A88F91800FEA821 = {
			isa = PBXGroup;
			children = (
				69C018231A8E48770024FD97 /* html files */,
				69B7B2681A8B828100B3FFD2 /* WebKit.framework */,
				69B7B2651A8B810800B3FFD2 /* resources */,
				6926C1651A88FC6300FEA821 /* src */,
				6926C13B1A88F91800FEA821 /* IDPMailView */,
				6926C14F1A88F91800FEA821 /* IDPMailViewTests */,
				6926C13A1A88F91800FEA821 /* Products */,
			);
			sourceTree = "<group>";
		};
		6926C13A1A88F91800FEA821 /* Products */ = {
			isa = PBXGroup;
			children = (
				6926C1391A88F91800FEA821 /* IDPMailView.app */,
				6926C14C1A88F91800FEA821 /* IDPMailViewTests.xctest */,
			);
			name = Products;
			sourceTree = "<group>";
		};
		6926C13B1A88F91800FEA821 /* IDPMailView */ = {
			isa = PBXGroup;
			children = (
				6926C13E1A88F91800FEA821 /* AppDelegate.h */,
				6926C13F1A88F91800FEA821 /* AppDelegate.m */,
				6926C1431A88F91800FEA821 /* Images.xcassets */,
				6926C1451A88F91800FEA821 /* MainMenu.xib */,
				6926C13C1A88F91800FEA821 /* Supporting Files */,
			);
			path = IDPMailView;
			sourceTree = "<group>";
		};
		6926C13C1A88F91800FEA821 /* Supporting Files */ = {
			isa = PBXGroup;
			children = (
				6926C13D1A88F91800FEA821 /* Info.plist */,
				6926C1411A88F91800FEA821 /* main.m */,
			);
			name = "Supporting Files";
			sourceTree = "<group>";
		};
		6926C14F1A88F91800FEA821 /* IDPMailViewTests */ = {
			isa = PBXGroup;
			children = (
				6926C1521A88F91800FEA821 /* IDPMailViewTests.m */,
				6926C1501A88F91800FEA821 /* Supporting Files */,
			);
			path = IDPMailViewTests;
			sourceTree = "<group>";
		};
		6926C1501A88F91800FEA821 /* Supporting Files */ = {
			isa = PBXGroup;
			children = (
				6926C1511A88F91800FEA821 /* Info.plist */,
			);
			name = "Supporting Files";
			sourceTree = "<group>";
		};
		6926C1651A88FC6300FEA821 /* src */ = {
			isa = PBXGroup;
			children = (
				69BC7A761A95D99D003FD7CD /* DateTools */,
				691EF7991A94E551004E3777 /* Models */,
				691EF7A81A94E551004E3777 /* UI */,
				69BC278E1A8A5FB400F30FC0 /* Constants */,
				6926C1831A89047C00FEA821 /* IDPKit */,
			);
			path = src;
			sourceTree = "<group>";
		};
		6926C1831A89047C00FEA821 /* IDPKit */ = {
			isa = PBXGroup;
			children = (
				69BD86FB1A93C5A700537B19 /* Fondation */,
				6926C1841A89047C00FEA821 /* AppKit */,
			);
			path = IDPKit;
			sourceTree = "<group>";
		};
		6926C1841A89047C00FEA821 /* AppKit */ = {
			isa = PBXGroup;
			children = (
				6926C1851A89047C00FEA821 /* LICENSE */,
				6926C1861A89047C00FEA821 /* README.md */,
				6926C1871A89047C00FEA821 /* src */,
			);
			path = AppKit;
			sourceTree = "<group>";
		};
		6926C1871A89047C00FEA821 /* src */ = {
			isa = PBXGroup;
			children = (
				6926C1881A89047C00FEA821 /* AppKitKit.h */,
				6926C1891A89047C00FEA821 /* NSNib+IDPExtension.h */,
				6926C18A1A89047C00FEA821 /* NSNib+IDPExtension.m */,
				69B7B25F1A8B437B00B3FFD2 /* NSTableView+IDPExtension.h */,
				69B7B2601A8B437B00B3FFD2 /* NSTableView+IDPExtension.m */,
				69EE2FC21A8BB3360058045D /* NSView+IDPExtension.h */,
				69EE2FC31A8BB3360058045D /* NSView+IDPExtension.m */,
				69B652771A9489BE00C5B346 /* NSViewController+IDPExtension.h */,
				69B652781A9489BE00C5B346 /* NSViewController+IDPExtension.m */,
				691EF7DE1A94E894004E3777 /* NSColor+IDPExtension.h */,
				691EF7DF1A94E894004E3777 /* NSColor+IDPExtension.m */,
			);
			path = src;
			sourceTree = "<group>";
		};
		69B7B2651A8B810800B3FFD2 /* resources */ = {
			isa = PBXGroup;
			children = (
				691EF7E11A94F5D2004E3777 /* html-1.jpg */,
				691EF7E21A94F5D2004E3777 /* html-2.jpg */,
				691EF7E31A94F5D2004E3777 /* html-3.png */,
				691EF7E41A94F5D2004E3777 /* html-4.png */,
				69B6526E1A94837900C5B346 /* unread.tiff */,
				69B7B2661A8B810800B3FFD2 /* testEmailFile.html */,
				698E25AF1A8CD90400ED64AA /* test.html */,
				69C0174E1A8E008B0024FD97 /* test-2.html */,
			);
			path = resources;
			sourceTree = "<group>";
		};
		69BC278E1A8A5FB400F30FC0 /* Constants */ = {
			isa = PBXGroup;
			children = (
				69BC27901A8A5FC700F30FC0 /* IDPConstants.h */,
			);
			path = Constants;
			sourceTree = "<group>";
		};
		69BC7A761A95D99D003FD7CD /* DateTools */ = {
			isa = PBXGroup;
			children = (
				69BC7A771A95D99D003FD7CD /* DateTools.bundle */,
				69BC7A781A95D99D003FD7CD /* DateTools.h */,
				69BC7A791A95D99D003FD7CD /* DTConstants.h */,
				69BC7A7A1A95D99D003FD7CD /* DTError.h */,
				69BC7A7B1A95D99D003FD7CD /* DTError.m */,
				69BC7A7C1A95D99D003FD7CD /* DTTimePeriod.h */,
				69BC7A7D1A95D99D003FD7CD /* DTTimePeriod.m */,
				69BC7A7E1A95D99D003FD7CD /* DTTimePeriodChain.h */,
				69BC7A7F1A95D99D003FD7CD /* DTTimePeriodChain.m */,
				69BC7A801A95D99D003FD7CD /* DTTimePeriodCollection.h */,
				69BC7A811A95D99D003FD7CD /* DTTimePeriodCollection.m */,
				69BC7A821A95D99D003FD7CD /* DTTimePeriodGroup.h */,
				69BC7A831A95D99D003FD7CD /* DTTimePeriodGroup.m */,
				69BC7A841A95D99D003FD7CD /* NSDate+DateTools.h */,
				69BC7A851A95D99D003FD7CD /* NSDate+DateTools.m */,
			);
			path = DateTools;
			sourceTree = "<group>";
		};
		69BD86FB1A93C5A700537B19 /* Fondation */ = {
			isa = PBXGroup;
			children = (
				69BD86FC1A93C5BF00537B19 /* NSMutableArray+IDPExtensions.h */,
				69BD86FD1A93C5BF00537B19 /* NSMutableArray+IDPExtensions.m */,
			);
			path = Fondation;
			sourceTree = "<group>";
		};
/* End PBXGroup section */

/* Begin PBXNativeTarget section */
		6926C1381A88F91800FEA821 /* IDPMailView */ = {
			isa = PBXNativeTarget;
			buildConfigurationList = 6926C1561A88F91800FEA821 /* Build configuration list for PBXNativeTarget "IDPMailView" */;
			buildPhases = (
				6926C1351A88F91800FEA821 /* Sources */,
				6926C1361A88F91800FEA821 /* Frameworks */,
				6926C1371A88F91800FEA821 /* Resources */,
			);
			buildRules = (
			);
			dependencies = (
			);
			name = IDPMailView;
			productName = IDPMailView;
			productReference = 6926C1391A88F91800FEA821 /* IDPMailView.app */;
			productType = "com.apple.product-type.application";
		};
		6926C14B1A88F91800FEA821 /* IDPMailViewTests */ = {
			isa = PBXNativeTarget;
			buildConfigurationList = 6926C1591A88F91800FEA821 /* Build configuration list for PBXNativeTarget "IDPMailViewTests" */;
			buildPhases = (
				6926C1481A88F91800FEA821 /* Sources */,
				6926C1491A88F91800FEA821 /* Frameworks */,
				6926C14A1A88F91800FEA821 /* Resources */,
			);
			buildRules = (
			);
			dependencies = (
				6926C14E1A88F91800FEA821 /* PBXTargetDependency */,
			);
			name = IDPMailViewTests;
			productName = IDPMailViewTests;
			productReference = 6926C14C1A88F91800FEA821 /* IDPMailViewTests.xctest */;
			productType = "com.apple.product-type.bundle.unit-test";
		};
/* End PBXNativeTarget section */

/* Begin PBXProject section */
		6926C1311A88F91800FEA821 /* Project object */ = {
			isa = PBXProject;
			attributes = {
				LastUpgradeCheck = 0610;
				ORGANIZATIONNAME = "IDAP Group";
				TargetAttributes = {
					6926C1381A88F91800FEA821 = {
						CreatedOnToolsVersion = 6.1.1;
					};
					6926C14B1A88F91800FEA821 = {
						CreatedOnToolsVersion = 6.1.1;
						TestTargetID = 6926C1381A88F91800FEA821;
					};
				};
			};
			buildConfigurationList = 6926C1341A88F91800FEA821 /* Build configuration list for PBXProject "IDPMailView" */;
			compatibilityVersion = "Xcode 3.2";
			developmentRegion = English;
			hasScannedForEncodings = 0;
			knownRegions = (
				en,
				Base,
			);
			mainGroup = 6926C1301A88F91800FEA821;
			productRefGroup = 6926C13A1A88F91800FEA821 /* Products */;
			projectDirPath = "";
			projectRoot = "";
			targets = (
				6926C1381A88F91800FEA821 /* IDPMailView */,
				6926C14B1A88F91800FEA821 /* IDPMailViewTests */,
			);
		};
/* End PBXProject section */

/* Begin PBXResourcesBuildPhase section */
		6926C1371A88F91800FEA821 /* Resources */ = {
			isa = PBXResourcesBuildPhase;
			buildActionMask = 2147483647;
			files = (
				691EF7E71A94F5D2004E3777 /* html-3.png in Resources */,
				69C018241A8E48770024FD97 /* html files in Resources */,
				691EF7D31A94E551004E3777 /* IDPMailListTableCellView.xib in Resources */,
				698E25B01A8CD90400ED64AA /* test.html in Resources */,
				6926C1441A88F91800FEA821 /* Images.xcassets in Resources */,
				691EF7E51A94F5D2004E3777 /* html-1.jpg in Resources */,
				691EF7D71A94E551004E3777 /* IDPMailPreviewTableCell.xib in Resources */,
				69BC7A861A95D99D003FD7CD /* DateTools.bundle in Resources */,
				69B7B2671A8B810800B3FFD2 /* testEmailFile.html in Resources */,
				69C0174F1A8E008B0024FD97 /* test-2.html in Resources */,
				69B6526F1A94837900C5B346 /* unread.tiff in Resources */,
				691EF7DD1A94E551004E3777 /* IDPMailViewCell.xib in Resources */,
				691EF7E81A94F5D2004E3777 /* html-4.png in Resources */,
				6926C1911A89047C00FEA821 /* LICENSE in Resources */,
				6926C1471A88F91800FEA821 /* MainMenu.xib in Resources */,
				691EF7E61A94F5D2004E3777 /* html-2.jpg in Resources */,
			);
			runOnlyForDeploymentPostprocessing = 0;
		};
		6926C14A1A88F91800FEA821 /* Resources */ = {
			isa = PBXResourcesBuildPhase;
			buildActionMask = 2147483647;
			files = (
			);
			runOnlyForDeploymentPostprocessing = 0;
		};
/* End PBXResourcesBuildPhase section */

/* Begin PBXSourcesBuildPhase section */
		6926C1351A88F91800FEA821 /* Sources */ = {
			isa = PBXSourcesBuildPhase;
			buildActionMask = 2147483647;
			files = (
				691EF7DB1A94E551004E3777 /* IDPMailDetailsViewController.m in Sources */,
				69BC7A8B1A95D99D003FD7CD /* DTTimePeriodGroup.m in Sources */,
				691EF7D91A94E551004E3777 /* IDPMailTableView.m in Sources */,
				6926C1931A89047C00FEA821 /* NSNib+IDPExtension.m in Sources */,
				69BD86FE1A93C5BF00537B19 /* NSMutableArray+IDPExtensions.m in Sources */,
				691EF7CB1A94E551004E3777 /* IDPCellHeightCalculator.m in Sources */,
				6926C1421A88F91800FEA821 /* main.m in Sources */,
				691EF7D81A94E551004E3777 /* IDPMailPreviewView.m in Sources */,
				691EF7D21A94E551004E3777 /* IDPMailListTableCellView.m in Sources */,
				69BC7A871A95D99D003FD7CD /* DTError.m in Sources */,
				691EF7D41A94E551004E3777 /* IDPMailListView.m in Sources */,
				691EF7D61A94E551004E3777 /* IDPMailPreviewTableCell.m in Sources */,
				69BC7A891A95D99D003FD7CD /* DTTimePeriodChain.m in Sources */,
				691EF7DA1A94E551004E3777 /* IDPScrollView.m in Sources */,
				691EF7CD1A94E551004E3777 /* IDPMailHistoryChainModel.m in Sources */,
				691EF7E01A94E894004E3777 /* NSColor+IDPExtension.m in Sources */,
				6926C1401A88F91800FEA821 /* AppDelegate.m in Sources */,
				69BC7A8A1A95D99D003FD7CD /* DTTimePeriodCollection.m in Sources */,
				69B652791A9489BE00C5B346 /* NSViewController+IDPExtension.m in Sources */,
				691EF7D01A94E551004E3777 /* IDPBaseTableCell.m in Sources */,
				691EF7DC1A94E551004E3777 /* IDPMailViewCell.m in Sources */,
				691EF7CC1A94E551004E3777 /* IDPWebViewCellHeightCalculator.m in Sources */,
				691EF7D11A94E551004E3777 /* IDPMailListViewController.m in Sources */,
				691EF7CF1A94E551004E3777 /* IDPTableCacheObject.m in Sources */,
				6926C1921A89047C00FEA821 /* README.md in Sources */,
				691EF7D51A94E551004E3777 /* IDPMailPreviewViewController.m in Sources */,
				69BC7A8C1A95D99D003FD7CD /* NSDate+DateTools.m in Sources */,
				69B7B2611A8B437B00B3FFD2 /* NSTableView+IDPExtension.m in Sources */,
				69BC7A881A95D99D003FD7CD /* DTTimePeriod.m in Sources */,
				691EF7CE1A94E551004E3777 /* IDPMailMessageModel.m in Sources */,
				69EE2FC41A8BB3360058045D /* NSView+IDPExtension.m in Sources */,
			);
			runOnlyForDeploymentPostprocessing = 0;
		};
		6926C1481A88F91800FEA821 /* Sources */ = {
			isa = PBXSourcesBuildPhase;
			buildActionMask = 2147483647;
			files = (
				6926C1531A88F91800FEA821 /* IDPMailViewTests.m in Sources */,
			);
			runOnlyForDeploymentPostprocessing = 0;
		};
/* End PBXSourcesBuildPhase section */

/* Begin PBXTargetDependency section */
		6926C14E1A88F91800FEA821 /* PBXTargetDependency */ = {
			isa = PBXTargetDependency;
			target = 6926C1381A88F91800FEA821 /* IDPMailView */;
			targetProxy = 6926C14D1A88F91800FEA821 /* PBXContainerItemProxy */;
		};
/* End PBXTargetDependency section */

/* Begin PBXVariantGroup section */
		6926C1451A88F91800FEA821 /* MainMenu.xib */ = {
			isa = PBXVariantGroup;
			children = (
				6926C1461A88F91800FEA821 /* Base */,
			);
			name = MainMenu.xib;
			sourceTree = "<group>";
		};
/* End PBXVariantGroup section */

/* Begin XCBuildConfiguration section */
		6926C1541A88F91800FEA821 /* Debug */ = {
			isa = XCBuildConfiguration;
			buildSettings = {
				ALWAYS_SEARCH_USER_PATHS = NO;
				CLANG_CXX_LANGUAGE_STANDARD = "gnu++0x";
				CLANG_CXX_LIBRARY = "libc++";
				CLANG_ENABLE_MODULES = YES;
				CLANG_ENABLE_OBJC_ARC = YES;
				CLANG_WARN_BOOL_CONVERSION = YES;
				CLANG_WARN_CONSTANT_CONVERSION = YES;
				CLANG_WARN_DIRECT_OBJC_ISA_USAGE = YES_ERROR;
				CLANG_WARN_EMPTY_BODY = YES;
				CLANG_WARN_ENUM_CONVERSION = YES;
				CLANG_WARN_INT_CONVERSION = YES;
				CLANG_WARN_OBJC_ROOT_CLASS = YES_ERROR;
				CLANG_WARN_UNREACHABLE_CODE = YES;
				CLANG_WARN__DUPLICATE_METHOD_MATCH = YES;
				CODE_SIGN_IDENTITY = "-";
				COPY_PHASE_STRIP = NO;
				ENABLE_STRICT_OBJC_MSGSEND = YES;
				GCC_C_LANGUAGE_STANDARD = gnu99;
				GCC_DYNAMIC_NO_PIC = NO;
				GCC_OPTIMIZATION_LEVEL = 0;
				GCC_PREPROCESSOR_DEFINITIONS = (
					"DEBUG=1",
					"$(inherited)",
				);
				GCC_SYMBOLS_PRIVATE_EXTERN = NO;
				GCC_WARN_64_TO_32_BIT_CONVERSION = YES;
				GCC_WARN_ABOUT_RETURN_TYPE = YES_ERROR;
				GCC_WARN_UNDECLARED_SELECTOR = YES;
				GCC_WARN_UNINITIALIZED_AUTOS = YES_AGGRESSIVE;
				GCC_WARN_UNUSED_FUNCTION = YES;
				GCC_WARN_UNUSED_VARIABLE = YES;
				MACOSX_DEPLOYMENT_TARGET = 10.9;
				MTL_ENABLE_DEBUG_INFO = YES;
				ONLY_ACTIVE_ARCH = YES;
				SDKROOT = macosx;
			};
			name = Debug;
		};
		6926C1551A88F91800FEA821 /* Release */ = {
			isa = XCBuildConfiguration;
			buildSettings = {
				ALWAYS_SEARCH_USER_PATHS = NO;
				CLANG_CXX_LANGUAGE_STANDARD = "gnu++0x";
				CLANG_CXX_LIBRARY = "libc++";
				CLANG_ENABLE_MODULES = YES;
				CLANG_ENABLE_OBJC_ARC = YES;
				CLANG_WARN_BOOL_CONVERSION = YES;
				CLANG_WARN_CONSTANT_CONVERSION = YES;
				CLANG_WARN_DIRECT_OBJC_ISA_USAGE = YES_ERROR;
				CLANG_WARN_EMPTY_BODY = YES;
				CLANG_WARN_ENUM_CONVERSION = YES;
				CLANG_WARN_INT_CONVERSION = YES;
				CLANG_WARN_OBJC_ROOT_CLASS = YES_ERROR;
				CLANG_WARN_UNREACHABLE_CODE = YES;
				CLANG_WARN__DUPLICATE_METHOD_MATCH = YES;
				CODE_SIGN_IDENTITY = "-";
				COPY_PHASE_STRIP = YES;
				DEBUG_INFORMATION_FORMAT = "dwarf-with-dsym";
				ENABLE_NS_ASSERTIONS = NO;
				ENABLE_STRICT_OBJC_MSGSEND = YES;
				GCC_C_LANGUAGE_STANDARD = gnu99;
				GCC_WARN_64_TO_32_BIT_CONVERSION = YES;
				GCC_WARN_ABOUT_RETURN_TYPE = YES_ERROR;
				GCC_WARN_UNDECLARED_SELECTOR = YES;
				GCC_WARN_UNINITIALIZED_AUTOS = YES_AGGRESSIVE;
				GCC_WARN_UNUSED_FUNCTION = YES;
				GCC_WARN_UNUSED_VARIABLE = YES;
				MACOSX_DEPLOYMENT_TARGET = 10.9;
				MTL_ENABLE_DEBUG_INFO = NO;
				SDKROOT = macosx;
			};
			name = Release;
		};
		6926C1571A88F91800FEA821 /* Debug */ = {
			isa = XCBuildConfiguration;
			buildSettings = {
				ASSETCATALOG_COMPILER_APPICON_NAME = AppIcon;
				COMBINE_HIDPI_IMAGES = YES;
				INFOPLIST_FILE = IDPMailView/Info.plist;
				LD_RUNPATH_SEARCH_PATHS = "$(inherited) @executable_path/../Frameworks";
				PRODUCT_NAME = "$(TARGET_NAME)";
			};
			name = Debug;
		};
		6926C1581A88F91800FEA821 /* Release */ = {
			isa = XCBuildConfiguration;
			buildSettings = {
				ASSETCATALOG_COMPILER_APPICON_NAME = AppIcon;
				COMBINE_HIDPI_IMAGES = YES;
				INFOPLIST_FILE = IDPMailView/Info.plist;
				LD_RUNPATH_SEARCH_PATHS = "$(inherited) @executable_path/../Frameworks";
				PRODUCT_NAME = "$(TARGET_NAME)";
			};
			name = Release;
		};
		6926C15A1A88F91800FEA821 /* Debug */ = {
			isa = XCBuildConfiguration;
			buildSettings = {
				BUNDLE_LOADER = "$(TEST_HOST)";
				COMBINE_HIDPI_IMAGES = YES;
				FRAMEWORK_SEARCH_PATHS = (
					"$(DEVELOPER_FRAMEWORKS_DIR)",
					"$(inherited)",
				);
				GCC_PREPROCESSOR_DEFINITIONS = (
					"DEBUG=1",
					"$(inherited)",
				);
				INFOPLIST_FILE = IDPMailViewTests/Info.plist;
				LD_RUNPATH_SEARCH_PATHS = "$(inherited) @executable_path/../Frameworks @loader_path/../Frameworks";
				PRODUCT_NAME = "$(TARGET_NAME)";
				TEST_HOST = "$(BUILT_PRODUCTS_DIR)/IDPMailView.app/Contents/MacOS/IDPMailView";
			};
			name = Debug;
		};
		6926C15B1A88F91800FEA821 /* Release */ = {
			isa = XCBuildConfiguration;
			buildSettings = {
				BUNDLE_LOADER = "$(TEST_HOST)";
				COMBINE_HIDPI_IMAGES = YES;
				FRAMEWORK_SEARCH_PATHS = (
					"$(DEVELOPER_FRAMEWORKS_DIR)",
					"$(inherited)",
				);
				INFOPLIST_FILE = IDPMailViewTests/Info.plist;
				LD_RUNPATH_SEARCH_PATHS = "$(inherited) @executable_path/../Frameworks @loader_path/../Frameworks";
				PRODUCT_NAME = "$(TARGET_NAME)";
				TEST_HOST = "$(BUILT_PRODUCTS_DIR)/IDPMailView.app/Contents/MacOS/IDPMailView";
			};
			name = Release;
		};
/* End XCBuildConfiguration section */

/* Begin XCConfigurationList section */
		6926C1341A88F91800FEA821 /* Build configuration list for PBXProject "IDPMailView" */ = {
			isa = XCConfigurationList;
			buildConfigurations = (
				6926C1541A88F91800FEA821 /* Debug */,
				6926C1551A88F91800FEA821 /* Release */,
			);
			defaultConfigurationIsVisible = 0;
			defaultConfigurationName = Release;
		};
		6926C1561A88F91800FEA821 /* Build configuration list for PBXNativeTarget "IDPMailView" */ = {
			isa = XCConfigurationList;
			buildConfigurations = (
				6926C1571A88F91800FEA821 /* Debug */,
				6926C1581A88F91800FEA821 /* Release */,
			);
			defaultConfigurationIsVisible = 0;
			defaultConfigurationName = Release;
		};
		6926C1591A88F91800FEA821 /* Build configuration list for PBXNativeTarget "IDPMailViewTests" */ = {
			isa = XCConfigurationList;
			buildConfigurations = (
				6926C15A1A88F91800FEA821 /* Debug */,
				6926C15B1A88F91800FEA821 /* Release */,
			);
			defaultConfigurationIsVisible = 0;
			defaultConfigurationName = Release;
		};
/* End XCConfigurationList section */
	};
	rootObject = 6926C1311A88F91800FEA821 /* Project object */;
}
