// !$*UTF8*$!
{
	archiveVersion = 1;
	classes = {
	};
	objectVersion = 46;
	objects = {

/* Begin PBXBuildFile section */
		6926C1401A88F91800FEA821 /* AppDelegate.m in Sources */ = {isa = PBXBuildFile; fileRef = 6926C13F1A88F91800FEA821 /* AppDelegate.m */; };
		6926C1421A88F91800FEA821 /* main.m in Sources */ = {isa = PBXBuildFile; fileRef = 6926C1411A88F91800FEA821 /* main.m */; };
		6926C1441A88F91800FEA821 /* Images.xcassets in Resources */ = {isa = PBXBuildFile; fileRef = 6926C1431A88F91800FEA821 /* Images.xcassets */; };
		6926C1471A88F91800FEA821 /* MainMenu.xib in Resources */ = {isa = PBXBuildFile; fileRef = 6926C1451A88F91800FEA821 /* MainMenu.xib */; };
		6926C1531A88F91800FEA821 /* IDPMailViewTests.m in Sources */ = {isa = PBXBuildFile; fileRef = 6926C1521A88F91800FEA821 /* IDPMailViewTests.m */; };
		6926C1691A88FC7800FEA821 /* IDPMailTableView.m in Sources */ = {isa = PBXBuildFile; fileRef = 6926C1681A88FC7800FEA821 /* IDPMailTableView.m */; };
		6926C1711A88FCCF00FEA821 /* IDPMailDetailsViewController.m in Sources */ = {isa = PBXBuildFile; fileRef = 6926C1701A88FCCF00FEA821 /* IDPMailDetailsViewController.m */; };
		6926C17D1A89000900FEA821 /* IDPBaseTableCell.m in Sources */ = {isa = PBXBuildFile; fileRef = 6926C17C1A89000900FEA821 /* IDPBaseTableCell.m */; };
		6926C1801A89002500FEA821 /* IDPMailViewCell.m in Sources */ = {isa = PBXBuildFile; fileRef = 6926C17F1A89002500FEA821 /* IDPMailViewCell.m */; };
		6926C1821A89004D00FEA821 /* IDPMailViewCell.xib in Resources */ = {isa = PBXBuildFile; fileRef = 6926C1811A89004D00FEA821 /* IDPMailViewCell.xib */; };
		6926C1911A89047C00FEA821 /* LICENSE in Resources */ = {isa = PBXBuildFile; fileRef = 6926C1851A89047C00FEA821 /* LICENSE */; };
		6926C1921A89047C00FEA821 /* README.md in Sources */ = {isa = PBXBuildFile; fileRef = 6926C1861A89047C00FEA821 /* README.md */; };
		6926C1931A89047C00FEA821 /* NSNib+IDPExtension.m in Sources */ = {isa = PBXBuildFile; fileRef = 6926C18A1A89047C00FEA821 /* NSNib+IDPExtension.m */; };
		6926C19A1A8917F100FEA821 /* IDPTableCacheObject.m in Sources */ = {isa = PBXBuildFile; fileRef = 6926C1991A8917F100FEA821 /* IDPTableCacheObject.m */; };
		698E25B01A8CD90400ED64AA /* test.html in Resources */ = {isa = PBXBuildFile; fileRef = 698E25AF1A8CD90400ED64AA /* test.html */; };
		69B7B2611A8B437B00B3FFD2 /* NSTableView+IDPExtension.m in Sources */ = {isa = PBXBuildFile; fileRef = 69B7B2601A8B437B00B3FFD2 /* NSTableView+IDPExtension.m */; };
		69B7B2641A8B609900B3FFD2 /* IDPScrollView.m in Sources */ = {isa = PBXBuildFile; fileRef = 69B7B2631A8B609900B3FFD2 /* IDPScrollView.m */; };
		69B7B2671A8B810800B3FFD2 /* testEmailFile.html in Resources */ = {isa = PBXBuildFile; fileRef = 69B7B2661A8B810800B3FFD2 /* testEmailFile.html */; };
		69B7B2691A8B828100B3FFD2 /* WebKit.framework in Frameworks */ = {isa = PBXBuildFile; fileRef = 69B7B2681A8B828100B3FFD2 /* WebKit.framework */; };
		69B7B26C1A8B8B3E00B3FFD2 /* IDPWebViewCellHeightCalculator.m in Sources */ = {isa = PBXBuildFile; fileRef = 69B7B26B1A8B8B3E00B3FFD2 /* IDPWebViewCellHeightCalculator.m */; };
		69BC27781A89EF2400F30FC0 /* IDPCellHeightCalculator.m in Sources */ = {isa = PBXBuildFile; fileRef = 69BC27771A89EF2400F30FC0 /* IDPCellHeightCalculator.m */; };
		69BC277C1A8A48CF00F30FC0 /* IDPMailMessageModel.m in Sources */ = {isa = PBXBuildFile; fileRef = 69BC277B1A8A48CF00F30FC0 /* IDPMailMessageModel.m */; };
		69BC27801A8A4A0300F30FC0 /* IDPMailHistoryChainModel.m in Sources */ = {isa = PBXBuildFile; fileRef = 69BC277F1A8A4A0300F30FC0 /* IDPMailHistoryChainModel.m */; };
		69BC27851A8A4DED00F30FC0 /* IDPMailListViewController.m in Sources */ = {isa = PBXBuildFile; fileRef = 69BC27841A8A4DED00F30FC0 /* IDPMailListViewController.m */; };
		69BC27881A8A4E0000F30FC0 /* IDPMailListView.m in Sources */ = {isa = PBXBuildFile; fileRef = 69BC27871A8A4E0000F30FC0 /* IDPMailListView.m */; };
		69BC278B1A8A4FC800F30FC0 /* IDPMailListTableCellView.m in Sources */ = {isa = PBXBuildFile; fileRef = 69BC278A1A8A4FC800F30FC0 /* IDPMailListTableCellView.m */; };
		69BC278D1A8A4FD400F30FC0 /* IDPMailListTableCellView.xib in Resources */ = {isa = PBXBuildFile; fileRef = 69BC278C1A8A4FD400F30FC0 /* IDPMailListTableCellView.xib */; };
		69C0174F1A8E008B0024FD97 /* test-2.html in Resources */ = {isa = PBXBuildFile; fileRef = 69C0174E1A8E008B0024FD97 /* test-2.html */; };
		69EE2FC41A8BB3360058045D /* NSView+IDPExtension.m in Sources */ = {isa = PBXBuildFile; fileRef = 69EE2FC31A8BB3360058045D /* NSView+IDPExtension.m */; };
/* End PBXBuildFile section */

/* Begin PBXContainerItemProxy section */
		6926C14D1A88F91800FEA821 /* PBXContainerItemProxy */ = {
			isa = PBXContainerItemProxy;
			containerPortal = 6926C1311A88F91800FEA821 /* Project object */;
			proxyType = 1;
			remoteGlobalIDString = 6926C1381A88F91800FEA821;
			remoteInfo = IDPMailView;
		};
/* End PBXContainerItemProxy section */

/* Begin PBXFileReference section */
		6926C1391A88F91800FEA821 /* IDPMailView.app */ = {isa = PBXFileReference; explicitFileType = wrapper.application; includeInIndex = 0; path = IDPMailView.app; sourceTree = BUILT_PRODUCTS_DIR; };
		6926C13D1A88F91800FEA821 /* Info.plist */ = {isa = PBXFileReference; lastKnownFileType = text.plist.xml; path = Info.plist; sourceTree = "<group>"; };
		6926C13E1A88F91800FEA821 /* AppDelegate.h */ = {isa = PBXFileReference; lastKnownFileType = sourcecode.c.h; path = AppDelegate.h; sourceTree = "<group>"; };
		6926C13F1A88F91800FEA821 /* AppDelegate.m */ = {isa = PBXFileReference; lastKnownFileType = sourcecode.c.objc; path = AppDelegate.m; sourceTree = "<group>"; };
		6926C1411A88F91800FEA821 /* main.m */ = {isa = PBXFileReference; lastKnownFileType = sourcecode.c.objc; path = main.m; sourceTree = "<group>"; };
		6926C1431A88F91800FEA821 /* Images.xcassets */ = {isa = PBXFileReference; lastKnownFileType = folder.assetcatalog; path = Images.xcassets; sourceTree = "<group>"; };
		6926C1461A88F91800FEA821 /* Base */ = {isa = PBXFileReference; lastKnownFileType = file.xib; name = Base; path = Base.lproj/MainMenu.xib; sourceTree = "<group>"; };
		6926C14C1A88F91800FEA821 /* IDPMailViewTests.xctest */ = {isa = PBXFileReference; explicitFileType = wrapper.cfbundle; includeInIndex = 0; path = IDPMailViewTests.xctest; sourceTree = BUILT_PRODUCTS_DIR; };
		6926C1511A88F91800FEA821 /* Info.plist */ = {isa = PBXFileReference; lastKnownFileType = text.plist.xml; path = Info.plist; sourceTree = "<group>"; };
		6926C1521A88F91800FEA821 /* IDPMailViewTests.m */ = {isa = PBXFileReference; lastKnownFileType = sourcecode.c.objc; path = IDPMailViewTests.m; sourceTree = "<group>"; };
		6926C1671A88FC7800FEA821 /* IDPMailTableView.h */ = {isa = PBXFileReference; fileEncoding = 4; lastKnownFileType = sourcecode.c.h; path = IDPMailTableView.h; sourceTree = "<group>"; };
		6926C1681A88FC7800FEA821 /* IDPMailTableView.m */ = {isa = PBXFileReference; fileEncoding = 4; lastKnownFileType = sourcecode.c.objc; path = IDPMailTableView.m; sourceTree = "<group>"; };
		6926C16F1A88FCCF00FEA821 /* IDPMailDetailsViewController.h */ = {isa = PBXFileReference; fileEncoding = 4; lastKnownFileType = sourcecode.c.h; path = IDPMailDetailsViewController.h; sourceTree = "<group>"; };
		6926C1701A88FCCF00FEA821 /* IDPMailDetailsViewController.m */ = {isa = PBXFileReference; fileEncoding = 4; lastKnownFileType = sourcecode.c.objc; path = IDPMailDetailsViewController.m; sourceTree = "<group>"; };
		6926C17B1A89000900FEA821 /* IDPBaseTableCell.h */ = {isa = PBXFileReference; fileEncoding = 4; lastKnownFileType = sourcecode.c.h; path = IDPBaseTableCell.h; sourceTree = "<group>"; };
		6926C17C1A89000900FEA821 /* IDPBaseTableCell.m */ = {isa = PBXFileReference; fileEncoding = 4; lastKnownFileType = sourcecode.c.objc; path = IDPBaseTableCell.m; sourceTree = "<group>"; };
		6926C17E1A89002500FEA821 /* IDPMailViewCell.h */ = {isa = PBXFileReference; fileEncoding = 4; lastKnownFileType = sourcecode.c.h; path = IDPMailViewCell.h; sourceTree = "<group>"; };
		6926C17F1A89002500FEA821 /* IDPMailViewCell.m */ = {isa = PBXFileReference; fileEncoding = 4; lastKnownFileType = sourcecode.c.objc; path = IDPMailViewCell.m; sourceTree = "<group>"; };
		6926C1811A89004D00FEA821 /* IDPMailViewCell.xib */ = {isa = PBXFileReference; fileEncoding = 4; lastKnownFileType = file.xib; path = IDPMailViewCell.xib; sourceTree = "<group>"; };
		6926C1851A89047C00FEA821 /* LICENSE */ = {isa = PBXFileReference; fileEncoding = 4; lastKnownFileType = text; path = LICENSE; sourceTree = "<group>"; };
		6926C1861A89047C00FEA821 /* README.md */ = {isa = PBXFileReference; fileEncoding = 4; lastKnownFileType = net.daringfireball.markdown; path = README.md; sourceTree = "<group>"; };
		6926C1881A89047C00FEA821 /* AppKitKit.h */ = {isa = PBXFileReference; fileEncoding = 4; lastKnownFileType = sourcecode.c.h; path = AppKitKit.h; sourceTree = "<group>"; };
		6926C1891A89047C00FEA821 /* NSNib+IDPExtension.h */ = {isa = PBXFileReference; fileEncoding = 4; lastKnownFileType = sourcecode.c.h; path = "NSNib+IDPExtension.h"; sourceTree = "<group>"; };
		6926C18A1A89047C00FEA821 /* NSNib+IDPExtension.m */ = {isa = PBXFileReference; fileEncoding = 4; lastKnownFileType = sourcecode.c.objc; path = "NSNib+IDPExtension.m"; sourceTree = "<group>"; };
		6926C1981A8917F100FEA821 /* IDPTableCacheObject.h */ = {isa = PBXFileReference; fileEncoding = 4; lastKnownFileType = sourcecode.c.h; path = IDPTableCacheObject.h; sourceTree = "<group>"; };
		6926C1991A8917F100FEA821 /* IDPTableCacheObject.m */ = {isa = PBXFileReference; fileEncoding = 4; lastKnownFileType = sourcecode.c.objc; path = IDPTableCacheObject.m; sourceTree = "<group>"; };
		698E25AF1A8CD90400ED64AA /* test.html */ = {isa = PBXFileReference; fileEncoding = 4; lastKnownFileType = text.html; path = test.html; sourceTree = "<group>"; };
		698E25B11A8CD99500ED64AA /* IDPMailCellProtocol.h */ = {isa = PBXFileReference; fileEncoding = 4; lastKnownFileType = sourcecode.c.h; path = IDPMailCellProtocol.h; sourceTree = "<group>"; };
		69B7B25F1A8B437B00B3FFD2 /* NSTableView+IDPExtension.h */ = {isa = PBXFileReference; fileEncoding = 4; lastKnownFileType = sourcecode.c.h; path = "NSTableView+IDPExtension.h"; sourceTree = "<group>"; };
		69B7B2601A8B437B00B3FFD2 /* NSTableView+IDPExtension.m */ = {isa = PBXFileReference; fileEncoding = 4; lastKnownFileType = sourcecode.c.objc; path = "NSTableView+IDPExtension.m"; sourceTree = "<group>"; };
		69B7B2621A8B609900B3FFD2 /* IDPScrollView.h */ = {isa = PBXFileReference; fileEncoding = 4; lastKnownFileType = sourcecode.c.h; path = IDPScrollView.h; sourceTree = "<group>"; };
		69B7B2631A8B609900B3FFD2 /* IDPScrollView.m */ = {isa = PBXFileReference; fileEncoding = 4; lastKnownFileType = sourcecode.c.objc; path = IDPScrollView.m; sourceTree = "<group>"; };
		69B7B2661A8B810800B3FFD2 /* testEmailFile.html */ = {isa = PBXFileReference; fileEncoding = 4; lastKnownFileType = text.html; path = testEmailFile.html; sourceTree = "<group>"; };
		69B7B2681A8B828100B3FFD2 /* WebKit.framework */ = {isa = PBXFileReference; lastKnownFileType = wrapper.framework; name = WebKit.framework; path = System/Library/Frameworks/WebKit.framework; sourceTree = SDKROOT; };
		69B7B26A1A8B8B3E00B3FFD2 /* IDPWebViewCellHeightCalculator.h */ = {isa = PBXFileReference; fileEncoding = 4; lastKnownFileType = sourcecode.c.h; path = IDPWebViewCellHeightCalculator.h; sourceTree = "<group>"; };
		69B7B26B1A8B8B3E00B3FFD2 /* IDPWebViewCellHeightCalculator.m */ = {isa = PBXFileReference; fileEncoding = 4; lastKnownFileType = sourcecode.c.objc; path = IDPWebViewCellHeightCalculator.m; sourceTree = "<group>"; };
		69BC27761A89EF2400F30FC0 /* IDPCellHeightCalculator.h */ = {isa = PBXFileReference; fileEncoding = 4; lastKnownFileType = sourcecode.c.h; path = IDPCellHeightCalculator.h; sourceTree = "<group>"; };
		69BC27771A89EF2400F30FC0 /* IDPCellHeightCalculator.m */ = {isa = PBXFileReference; fileEncoding = 4; lastKnownFileType = sourcecode.c.objc; path = IDPCellHeightCalculator.m; sourceTree = "<group>"; };
		69BC277A1A8A48CF00F30FC0 /* IDPMailMessageModel.h */ = {isa = PBXFileReference; fileEncoding = 4; lastKnownFileType = sourcecode.c.h; path = IDPMailMessageModel.h; sourceTree = "<group>"; };
		69BC277B1A8A48CF00F30FC0 /* IDPMailMessageModel.m */ = {isa = PBXFileReference; fileEncoding = 4; lastKnownFileType = sourcecode.c.objc; path = IDPMailMessageModel.m; sourceTree = "<group>"; };
		69BC277E1A8A4A0300F30FC0 /* IDPMailHistoryChainModel.h */ = {isa = PBXFileReference; fileEncoding = 4; lastKnownFileType = sourcecode.c.h; path = IDPMailHistoryChainModel.h; sourceTree = "<group>"; };
		69BC277F1A8A4A0300F30FC0 /* IDPMailHistoryChainModel.m */ = {isa = PBXFileReference; fileEncoding = 4; lastKnownFileType = sourcecode.c.objc; path = IDPMailHistoryChainModel.m; sourceTree = "<group>"; };
		69BC27831A8A4DED00F30FC0 /* IDPMailListViewController.h */ = {isa = PBXFileReference; fileEncoding = 4; lastKnownFileType = sourcecode.c.h; path = IDPMailListViewController.h; sourceTree = "<group>"; };
		69BC27841A8A4DED00F30FC0 /* IDPMailListViewController.m */ = {isa = PBXFileReference; fileEncoding = 4; lastKnownFileType = sourcecode.c.objc; path = IDPMailListViewController.m; sourceTree = "<group>"; };
		69BC27861A8A4E0000F30FC0 /* IDPMailListView.h */ = {isa = PBXFileReference; fileEncoding = 4; lastKnownFileType = sourcecode.c.h; path = IDPMailListView.h; sourceTree = "<group>"; };
		69BC27871A8A4E0000F30FC0 /* IDPMailListView.m */ = {isa = PBXFileReference; fileEncoding = 4; lastKnownFileType = sourcecode.c.objc; path = IDPMailListView.m; sourceTree = "<group>"; };
		69BC27891A8A4FC800F30FC0 /* IDPMailListTableCellView.h */ = {isa = PBXFileReference; fileEncoding = 4; lastKnownFileType = sourcecode.c.h; path = IDPMailListTableCellView.h; sourceTree = "<group>"; };
		69BC278A1A8A4FC800F30FC0 /* IDPMailListTableCellView.m */ = {isa = PBXFileReference; fileEncoding = 4; lastKnownFileType = sourcecode.c.objc; path = IDPMailListTableCellView.m; sourceTree = "<group>"; };
		69BC278C1A8A4FD400F30FC0 /* IDPMailListTableCellView.xib */ = {isa = PBXFileReference; fileEncoding = 4; lastKnownFileType = file.xib; path = IDPMailListTableCellView.xib; sourceTree = "<group>"; };
		69BC27901A8A5FC700F30FC0 /* IDPConstants.h */ = {isa = PBXFileReference; fileEncoding = 4; lastKnownFileType = sourcecode.c.h; path = IDPConstants.h; sourceTree = "<group>"; };
		69C0174E1A8E008B0024FD97 /* test-2.html */ = {isa = PBXFileReference; fileEncoding = 4; lastKnownFileType = text.html; path = "test-2.html"; sourceTree = "<group>"; };
		69EE2FC21A8BB3360058045D /* NSView+IDPExtension.h */ = {isa = PBXFileReference; fileEncoding = 4; lastKnownFileType = sourcecode.c.h; path = "NSView+IDPExtension.h"; sourceTree = "<group>"; };
		69EE2FC31A8BB3360058045D /* NSView+IDPExtension.m */ = {isa = PBXFileReference; fileEncoding = 4; lastKnownFileType = sourcecode.c.objc; path = "NSView+IDPExtension.m"; sourceTree = "<group>"; };
/* End PBXFileReference section */

/* Begin PBXFrameworksBuildPhase section */
		6926C1361A88F91800FEA821 /* Frameworks */ = {
			isa = PBXFrameworksBuildPhase;
			buildActionMask = 2147483647;
			files = (
				69B7B2691A8B828100B3FFD2 /* WebKit.framework in Frameworks */,
			);
			runOnlyForDeploymentPostprocessing = 0;
		};
		6926C1491A88F91800FEA821 /* Frameworks */ = {
			isa = PBXFrameworksBuildPhase;
			buildActionMask = 2147483647;
			files = (
			);
			runOnlyForDeploymentPostprocessing = 0;
		};
/* End PBXFrameworksBuildPhase section */

/* Begin PBXGroup section */
		6926C1301A88F91800FEA821 = {
			isa = PBXGroup;
			children = (
				69B7B2681A8B828100B3FFD2 /* WebKit.framework */,
				69B7B2651A8B810800B3FFD2 /* resources */,
				6926C1651A88FC6300FEA821 /* src */,
				6926C13B1A88F91800FEA821 /* IDPMailView */,
				6926C14F1A88F91800FEA821 /* IDPMailViewTests */,
				6926C13A1A88F91800FEA821 /* Products */,
			);
			sourceTree = "<group>";
		};
		6926C13A1A88F91800FEA821 /* Products */ = {
			isa = PBXGroup;
			children = (
				6926C1391A88F91800FEA821 /* IDPMailView.app */,
				6926C14C1A88F91800FEA821 /* IDPMailViewTests.xctest */,
			);
			name = Products;
			sourceTree = "<group>";
		};
		6926C13B1A88F91800FEA821 /* IDPMailView */ = {
			isa = PBXGroup;
			children = (
				6926C13E1A88F91800FEA821 /* AppDelegate.h */,
				6926C13F1A88F91800FEA821 /* AppDelegate.m */,
				6926C1431A88F91800FEA821 /* Images.xcassets */,
				6926C1451A88F91800FEA821 /* MainMenu.xib */,
				6926C13C1A88F91800FEA821 /* Supporting Files */,
			);
			path = IDPMailView;
			sourceTree = "<group>";
		};
		6926C13C1A88F91800FEA821 /* Supporting Files */ = {
			isa = PBXGroup;
			children = (
				6926C13D1A88F91800FEA821 /* Info.plist */,
				6926C1411A88F91800FEA821 /* main.m */,
			);
			name = "Supporting Files";
			sourceTree = "<group>";
		};
		6926C14F1A88F91800FEA821 /* IDPMailViewTests */ = {
			isa = PBXGroup;
			children = (
				6926C1521A88F91800FEA821 /* IDPMailViewTests.m */,
				6926C1501A88F91800FEA821 /* Supporting Files */,
			);
			path = IDPMailViewTests;
			sourceTree = "<group>";
		};
		6926C1501A88F91800FEA821 /* Supporting Files */ = {
			isa = PBXGroup;
			children = (
				6926C1511A88F91800FEA821 /* Info.plist */,
			);
			name = "Supporting Files";
			sourceTree = "<group>";
		};
		6926C1651A88FC6300FEA821 /* src */ = {
			isa = PBXGroup;
			children = (
				69BC278E1A8A5FB400F30FC0 /* Constants */,
				69BC27811A8A4DDF00F30FC0 /* IDPMailListViewController */,
				69BC277D1A8A49FD00F30FC0 /* IDPMailHistoryChainModel */,
				69BC27791A8A48C200F30FC0 /* IDPMailMessageModel */,
				69BC27751A89EF1D00F30FC0 /* IDPCellHeightCalculator */,
				6926C1971A8917DA00FEA821 /* IDPTableChacheObject */,
				6926C1831A89047C00FEA821 /* IDPKit */,
				6926C17A1A88FFED00FEA821 /* IDPBaseTableCell */,
				6926C16E1A88FCCF00FEA821 /* IDPMailDetailsViewController */,
				6926C1661A88FC6300FEA821 /* IDPMailTableView */,
			);
			path = src;
			sourceTree = "<group>";
		};
		6926C1661A88FC6300FEA821 /* IDPMailTableView */ = {
			isa = PBXGroup;
			children = (
				6926C1671A88FC7800FEA821 /* IDPMailTableView.h */,
				6926C1681A88FC7800FEA821 /* IDPMailTableView.m */,
				69B7B2621A8B609900B3FFD2 /* IDPScrollView.h */,
				69B7B2631A8B609900B3FFD2 /* IDPScrollView.m */,
			);
			path = IDPMailTableView;
			sourceTree = "<group>";
		};
		6926C16E1A88FCCF00FEA821 /* IDPMailDetailsViewController */ = {
			isa = PBXGroup;
			children = (
				6926C1761A88FD1B00FEA821 /* View */,
				6926C16F1A88FCCF00FEA821 /* IDPMailDetailsViewController.h */,
				6926C1701A88FCCF00FEA821 /* IDPMailDetailsViewController.m */,
			);
			name = IDPMailDetailsViewController;
			path = IDPTestViewController;
			sourceTree = "<group>";
		};
		6926C1761A88FD1B00FEA821 /* View */ = {
			isa = PBXGroup;
			children = (
				6926C17E1A89002500FEA821 /* IDPMailViewCell.h */,
				6926C17F1A89002500FEA821 /* IDPMailViewCell.m */,
				6926C1811A89004D00FEA821 /* IDPMailViewCell.xib */,
				698E25B11A8CD99500ED64AA /* IDPMailCellProtocol.h */,
			);
			path = View;
			sourceTree = "<group>";
		};
		6926C17A1A88FFED00FEA821 /* IDPBaseTableCell */ = {
			isa = PBXGroup;
			children = (
				6926C17B1A89000900FEA821 /* IDPBaseTableCell.h */,
				6926C17C1A89000900FEA821 /* IDPBaseTableCell.m */,
			);
			path = IDPBaseTableCell;
			sourceTree = "<group>";
		};
		6926C1831A89047C00FEA821 /* IDPKit */ = {
			isa = PBXGroup;
			children = (
				6926C1841A89047C00FEA821 /* AppKit */,
			);
			path = IDPKit;
			sourceTree = "<group>";
		};
		6926C1841A89047C00FEA821 /* AppKit */ = {
			isa = PBXGroup;
			children = (
				6926C1851A89047C00FEA821 /* LICENSE */,
				6926C1861A89047C00FEA821 /* README.md */,
				6926C1871A89047C00FEA821 /* src */,
			);
			path = AppKit;
			sourceTree = "<group>";
		};
		6926C1871A89047C00FEA821 /* src */ = {
			isa = PBXGroup;
			children = (
				6926C1881A89047C00FEA821 /* AppKitKit.h */,
				6926C1891A89047C00FEA821 /* NSNib+IDPExtension.h */,
				6926C18A1A89047C00FEA821 /* NSNib+IDPExtension.m */,
				69B7B25F1A8B437B00B3FFD2 /* NSTableView+IDPExtension.h */,
				69B7B2601A8B437B00B3FFD2 /* NSTableView+IDPExtension.m */,
				69EE2FC21A8BB3360058045D /* NSView+IDPExtension.h */,
				69EE2FC31A8BB3360058045D /* NSView+IDPExtension.m */,
			);
			path = src;
			sourceTree = "<group>";
		};
		6926C1971A8917DA00FEA821 /* IDPTableChacheObject */ = {
			isa = PBXGroup;
			children = (
				6926C1981A8917F100FEA821 /* IDPTableCacheObject.h */,
				6926C1991A8917F100FEA821 /* IDPTableCacheObject.m */,
			);
			path = IDPTableChacheObject;
			sourceTree = "<group>";
		};
		69B7B2651A8B810800B3FFD2 /* resources */ = {
			isa = PBXGroup;
			children = (
				69B7B2661A8B810800B3FFD2 /* testEmailFile.html */,
				698E25AF1A8CD90400ED64AA /* test.html */,
				69C0174E1A8E008B0024FD97 /* test-2.html */,
			);
			path = resources;
			sourceTree = "<group>";
		};
		69BC27751A89EF1D00F30FC0 /* IDPCellHeightCalculator */ = {
			isa = PBXGroup;
			children = (
				69BC27761A89EF2400F30FC0 /* IDPCellHeightCalculator.h */,
				69BC27771A89EF2400F30FC0 /* IDPCellHeightCalculator.m */,
				69B7B26A1A8B8B3E00B3FFD2 /* IDPWebViewCellHeightCalculator.h */,
				69B7B26B1A8B8B3E00B3FFD2 /* IDPWebViewCellHeightCalculator.m */,
			);
			path = IDPCellHeightCalculator;
			sourceTree = "<group>";
		};
		69BC27791A8A48C200F30FC0 /* IDPMailMessageModel */ = {
			isa = PBXGroup;
			children = (
				69BC277A1A8A48CF00F30FC0 /* IDPMailMessageModel.h */,
				69BC277B1A8A48CF00F30FC0 /* IDPMailMessageModel.m */,
			);
			path = IDPMailMessageModel;
			sourceTree = "<group>";
		};
		69BC277D1A8A49FD00F30FC0 /* IDPMailHistoryChainModel */ = {
			isa = PBXGroup;
			children = (
				69BC277E1A8A4A0300F30FC0 /* IDPMailHistoryChainModel.h */,
				69BC277F1A8A4A0300F30FC0 /* IDPMailHistoryChainModel.m */,
			);
			path = IDPMailHistoryChainModel;
			sourceTree = "<group>";
		};
		69BC27811A8A4DDF00F30FC0 /* IDPMailListViewController */ = {
			isa = PBXGroup;
			children = (
				69BC27821A8A4DDF00F30FC0 /* View */,
				69BC27831A8A4DED00F30FC0 /* IDPMailListViewController.h */,
				69BC27841A8A4DED00F30FC0 /* IDPMailListViewController.m */,
			);
			path = IDPMailListViewController;
			sourceTree = "<group>";
		};
		69BC27821A8A4DDF00F30FC0 /* View */ = {
			isa = PBXGroup;
			children = (
				69BC27861A8A4E0000F30FC0 /* IDPMailListView.h */,
				69BC27871A8A4E0000F30FC0 /* IDPMailListView.m */,
				69BC27891A8A4FC800F30FC0 /* IDPMailListTableCellView.h */,
				69BC278A1A8A4FC800F30FC0 /* IDPMailListTableCellView.m */,
				69BC278C1A8A4FD400F30FC0 /* IDPMailListTableCellView.xib */,
			);
			path = View;
			sourceTree = "<group>";
		};
		69BC278E1A8A5FB400F30FC0 /* Constants */ = {
			isa = PBXGroup;
			children = (
				69BC27901A8A5FC700F30FC0 /* IDPConstants.h */,
			);
			path = Constants;
			sourceTree = "<group>";
		};
/* End PBXGroup section */

/* Begin PBXNativeTarget section */
		6926C1381A88F91800FEA821 /* IDPMailView */ = {
			isa = PBXNativeTarget;
			buildConfigurationList = 6926C1561A88F91800FEA821 /* Build configuration list for PBXNativeTarget "IDPMailView" */;
			buildPhases = (
				6926C1351A88F91800FEA821 /* Sources */,
				6926C1361A88F91800FEA821 /* Frameworks */,
				6926C1371A88F91800FEA821 /* Resources */,
			);
			buildRules = (
			);
			dependencies = (
			);
			name = IDPMailView;
			productName = IDPMailView;
			productReference = 6926C1391A88F91800FEA821 /* IDPMailView.app */;
			productType = "com.apple.product-type.application";
		};
		6926C14B1A88F91800FEA821 /* IDPMailViewTests */ = {
			isa = PBXNativeTarget;
			buildConfigurationList = 6926C1591A88F91800FEA821 /* Build configuration list for PBXNativeTarget "IDPMailViewTests" */;
			buildPhases = (
				6926C1481A88F91800FEA821 /* Sources */,
				6926C1491A88F91800FEA821 /* Frameworks */,
				6926C14A1A88F91800FEA821 /* Resources */,
			);
			buildRules = (
			);
			dependencies = (
				6926C14E1A88F91800FEA821 /* PBXTargetDependency */,
			);
			name = IDPMailViewTests;
			productName = IDPMailViewTests;
			productReference = 6926C14C1A88F91800FEA821 /* IDPMailViewTests.xctest */;
			productType = "com.apple.product-type.bundle.unit-test";
		};
/* End PBXNativeTarget section */

/* Begin PBXProject section */
		6926C1311A88F91800FEA821 /* Project object */ = {
			isa = PBXProject;
			attributes = {
				LastUpgradeCheck = 0610;
				ORGANIZATIONNAME = "IDAP Group";
				TargetAttributes = {
					6926C1381A88F91800FEA821 = {
						CreatedOnToolsVersion = 6.1.1;
					};
					6926C14B1A88F91800FEA821 = {
						CreatedOnToolsVersion = 6.1.1;
						TestTargetID = 6926C1381A88F91800FEA821;
					};
				};
			};
			buildConfigurationList = 6926C1341A88F91800FEA821 /* Build configuration list for PBXProject "IDPMailView" */;
			compatibilityVersion = "Xcode 3.2";
			developmentRegion = English;
			hasScannedForEncodings = 0;
			knownRegions = (
				en,
				Base,
			);
			mainGroup = 6926C1301A88F91800FEA821;
			productRefGroup = 6926C13A1A88F91800FEA821 /* Products */;
			projectDirPath = "";
			projectRoot = "";
			targets = (
				6926C1381A88F91800FEA821 /* IDPMailView */,
				6926C14B1A88F91800FEA821 /* IDPMailViewTests */,
			);
		};
/* End PBXProject section */

/* Begin PBXResourcesBuildPhase section */
		6926C1371A88F91800FEA821 /* Resources */ = {
			isa = PBXResourcesBuildPhase;
			buildActionMask = 2147483647;
			files = (
				698E25B01A8CD90400ED64AA /* test.html in Resources */,
				69BC278D1A8A4FD400F30FC0 /* IDPMailListTableCellView.xib in Resources */,
				6926C1441A88F91800FEA821 /* Images.xcassets in Resources */,
				6926C1821A89004D00FEA821 /* IDPMailViewCell.xib in Resources */,
				69B7B2671A8B810800B3FFD2 /* testEmailFile.html in Resources */,
				69C0174F1A8E008B0024FD97 /* test-2.html in Resources */,
				6926C1911A89047C00FEA821 /* LICENSE in Resources */,
				6926C1471A88F91800FEA821 /* MainMenu.xib in Resources */,
			);
			runOnlyForDeploymentPostprocessing = 0;
		};
		6926C14A1A88F91800FEA821 /* Resources */ = {
			isa = PBXResourcesBuildPhase;
			buildActionMask = 2147483647;
			files = (
			);
			runOnlyForDeploymentPostprocessing = 0;
		};
/* End PBXResourcesBuildPhase section */

/* Begin PBXSourcesBuildPhase section */
		6926C1351A88F91800FEA821 /* Sources */ = {
			isa = PBXSourcesBuildPhase;
			buildActionMask = 2147483647;
			files = (
				6926C1931A89047C00FEA821 /* NSNib+IDPExtension.m in Sources */,
				69BC27881A8A4E0000F30FC0 /* IDPMailListView.m in Sources */,
				6926C1691A88FC7800FEA821 /* IDPMailTableView.m in Sources */,
				6926C1421A88F91800FEA821 /* main.m in Sources */,
				69BC27801A8A4A0300F30FC0 /* IDPMailHistoryChainModel.m in Sources */,
				6926C1801A89002500FEA821 /* IDPMailViewCell.m in Sources */,
				69BC27851A8A4DED00F30FC0 /* IDPMailListViewController.m in Sources */,
				69BC27781A89EF2400F30FC0 /* IDPCellHeightCalculator.m in Sources */,
				6926C19A1A8917F100FEA821 /* IDPTableCacheObject.m in Sources */,
				69B7B2641A8B609900B3FFD2 /* IDPScrollView.m in Sources */,
				6926C1711A88FCCF00FEA821 /* IDPMailDetailsViewController.m in Sources */,
				6926C1401A88F91800FEA821 /* AppDelegate.m in Sources */,
				6926C1921A89047C00FEA821 /* README.md in Sources */,
				69BC277C1A8A48CF00F30FC0 /* IDPMailMessageModel.m in Sources */,
				69BC278B1A8A4FC800F30FC0 /* IDPMailListTableCellView.m in Sources */,
				69B7B2611A8B437B00B3FFD2 /* NSTableView+IDPExtension.m in Sources */,
				69B7B26C1A8B8B3E00B3FFD2 /* IDPWebViewCellHeightCalculator.m in Sources */,
				6926C17D1A89000900FEA821 /* IDPBaseTableCell.m in Sources */,
				69EE2FC41A8BB3360058045D /* NSView+IDPExtension.m in Sources */,
			);
			runOnlyForDeploymentPostprocessing = 0;
		};
		6926C1481A88F91800FEA821 /* Sources */ = {
			isa = PBXSourcesBuildPhase;
			buildActionMask = 2147483647;
			files = (
				6926C1531A88F91800FEA821 /* IDPMailViewTests.m in Sources */,
			);
			runOnlyForDeploymentPostprocessing = 0;
		};
/* End PBXSourcesBuildPhase section */

/* Begin PBXTargetDependency section */
		6926C14E1A88F91800FEA821 /* PBXTargetDependency */ = {
			isa = PBXTargetDependency;
			target = 6926C1381A88F91800FEA821 /* IDPMailView */;
			targetProxy = 6926C14D1A88F91800FEA821 /* PBXContainerItemProxy */;
		};
/* End PBXTargetDependency section */

/* Begin PBXVariantGroup section */
		6926C1451A88F91800FEA821 /* MainMenu.xib */ = {
			isa = PBXVariantGroup;
			children = (
				6926C1461A88F91800FEA821 /* Base */,
			);
			name = MainMenu.xib;
			sourceTree = "<group>";
		};
/* End PBXVariantGroup section */

/* Begin XCBuildConfiguration section */
		6926C1541A88F91800FEA821 /* Debug */ = {
			isa = XCBuildConfiguration;
			buildSettings = {
				ALWAYS_SEARCH_USER_PATHS = NO;
				CLANG_CXX_LANGUAGE_STANDARD = "gnu++0x";
				CLANG_CXX_LIBRARY = "libc++";
				CLANG_ENABLE_MODULES = YES;
				CLANG_ENABLE_OBJC_ARC = YES;
				CLANG_WARN_BOOL_CONVERSION = YES;
				CLANG_WARN_CONSTANT_CONVERSION = YES;
				CLANG_WARN_DIRECT_OBJC_ISA_USAGE = YES_ERROR;
				CLANG_WARN_EMPTY_BODY = YES;
				CLANG_WARN_ENUM_CONVERSION = YES;
				CLANG_WARN_INT_CONVERSION = YES;
				CLANG_WARN_OBJC_ROOT_CLASS = YES_ERROR;
				CLANG_WARN_UNREACHABLE_CODE = YES;
				CLANG_WARN__DUPLICATE_METHOD_MATCH = YES;
				CODE_SIGN_IDENTITY = "-";
				COPY_PHASE_STRIP = NO;
				ENABLE_STRICT_OBJC_MSGSEND = YES;
				GCC_C_LANGUAGE_STANDARD = gnu99;
				GCC_DYNAMIC_NO_PIC = NO;
				GCC_OPTIMIZATION_LEVEL = 0;
				GCC_PREPROCESSOR_DEFINITIONS = (
					"DEBUG=1",
					"$(inherited)",
				);
				GCC_SYMBOLS_PRIVATE_EXTERN = NO;
				GCC_WARN_64_TO_32_BIT_CONVERSION = YES;
				GCC_WARN_ABOUT_RETURN_TYPE = YES_ERROR;
				GCC_WARN_UNDECLARED_SELECTOR = YES;
				GCC_WARN_UNINITIALIZED_AUTOS = YES_AGGRESSIVE;
				GCC_WARN_UNUSED_FUNCTION = YES;
				GCC_WARN_UNUSED_VARIABLE = YES;
				MACOSX_DEPLOYMENT_TARGET = 10.9;
				MTL_ENABLE_DEBUG_INFO = YES;
				ONLY_ACTIVE_ARCH = YES;
				SDKROOT = macosx;
			};
			name = Debug;
		};
		6926C1551A88F91800FEA821 /* Release */ = {
			isa = XCBuildConfiguration;
			buildSettings = {
				ALWAYS_SEARCH_USER_PATHS = NO;
				CLANG_CXX_LANGUAGE_STANDARD = "gnu++0x";
				CLANG_CXX_LIBRARY = "libc++";
				CLANG_ENABLE_MODULES = YES;
				CLANG_ENABLE_OBJC_ARC = YES;
				CLANG_WARN_BOOL_CONVERSION = YES;
				CLANG_WARN_CONSTANT_CONVERSION = YES;
				CLANG_WARN_DIRECT_OBJC_ISA_USAGE = YES_ERROR;
				CLANG_WARN_EMPTY_BODY = YES;
				CLANG_WARN_ENUM_CONVERSION = YES;
				CLANG_WARN_INT_CONVERSION = YES;
				CLANG_WARN_OBJC_ROOT_CLASS = YES_ERROR;
				CLANG_WARN_UNREACHABLE_CODE = YES;
				CLANG_WARN__DUPLICATE_METHOD_MATCH = YES;
				CODE_SIGN_IDENTITY = "-";
				COPY_PHASE_STRIP = YES;
				DEBUG_INFORMATION_FORMAT = "dwarf-with-dsym";
				ENABLE_NS_ASSERTIONS = NO;
				ENABLE_STRICT_OBJC_MSGSEND = YES;
				GCC_C_LANGUAGE_STANDARD = gnu99;
				GCC_WARN_64_TO_32_BIT_CONVERSION = YES;
				GCC_WARN_ABOUT_RETURN_TYPE = YES_ERROR;
				GCC_WARN_UNDECLARED_SELECTOR = YES;
				GCC_WARN_UNINITIALIZED_AUTOS = YES_AGGRESSIVE;
				GCC_WARN_UNUSED_FUNCTION = YES;
				GCC_WARN_UNUSED_VARIABLE = YES;
				MACOSX_DEPLOYMENT_TARGET = 10.9;
				MTL_ENABLE_DEBUG_INFO = NO;
				SDKROOT = macosx;
			};
			name = Release;
		};
		6926C1571A88F91800FEA821 /* Debug */ = {
			isa = XCBuildConfiguration;
			buildSettings = {
				ASSETCATALOG_COMPILER_APPICON_NAME = AppIcon;
				COMBINE_HIDPI_IMAGES = YES;
				INFOPLIST_FILE = IDPMailView/Info.plist;
				LD_RUNPATH_SEARCH_PATHS = "$(inherited) @executable_path/../Frameworks";
				PRODUCT_NAME = "$(TARGET_NAME)";
			};
			name = Debug;
		};
		6926C1581A88F91800FEA821 /* Release */ = {
			isa = XCBuildConfiguration;
			buildSettings = {
				ASSETCATALOG_COMPILER_APPICON_NAME = AppIcon;
				COMBINE_HIDPI_IMAGES = YES;
				INFOPLIST_FILE = IDPMailView/Info.plist;
				LD_RUNPATH_SEARCH_PATHS = "$(inherited) @executable_path/../Frameworks";
				PRODUCT_NAME = "$(TARGET_NAME)";
			};
			name = Release;
		};
		6926C15A1A88F91800FEA821 /* Debug */ = {
			isa = XCBuildConfiguration;
			buildSettings = {
				BUNDLE_LOADER = "$(TEST_HOST)";
				COMBINE_HIDPI_IMAGES = YES;
				FRAMEWORK_SEARCH_PATHS = (
					"$(DEVELOPER_FRAMEWORKS_DIR)",
					"$(inherited)",
				);
				GCC_PREPROCESSOR_DEFINITIONS = (
					"DEBUG=1",
					"$(inherited)",
				);
				INFOPLIST_FILE = IDPMailViewTests/Info.plist;
				LD_RUNPATH_SEARCH_PATHS = "$(inherited) @executable_path/../Frameworks @loader_path/../Frameworks";
				PRODUCT_NAME = "$(TARGET_NAME)";
				TEST_HOST = "$(BUILT_PRODUCTS_DIR)/IDPMailView.app/Contents/MacOS/IDPMailView";
			};
			name = Debug;
		};
		6926C15B1A88F91800FEA821 /* Release */ = {
			isa = XCBuildConfiguration;
			buildSettings = {
				BUNDLE_LOADER = "$(TEST_HOST)";
				COMBINE_HIDPI_IMAGES = YES;
				FRAMEWORK_SEARCH_PATHS = (
					"$(DEVELOPER_FRAMEWORKS_DIR)",
					"$(inherited)",
				);
				INFOPLIST_FILE = IDPMailViewTests/Info.plist;
				LD_RUNPATH_SEARCH_PATHS = "$(inherited) @executable_path/../Frameworks @loader_path/../Frameworks";
				PRODUCT_NAME = "$(TARGET_NAME)";
				TEST_HOST = "$(BUILT_PRODUCTS_DIR)/IDPMailView.app/Contents/MacOS/IDPMailView";
			};
			name = Release;
		};
/* End XCBuildConfiguration section */

/* Begin XCConfigurationList section */
		6926C1341A88F91800FEA821 /* Build configuration list for PBXProject "IDPMailView" */ = {
			isa = XCConfigurationList;
			buildConfigurations = (
				6926C1541A88F91800FEA821 /* Debug */,
				6926C1551A88F91800FEA821 /* Release */,
			);
			defaultConfigurationIsVisible = 0;
			defaultConfigurationName = Release;
		};
		6926C1561A88F91800FEA821 /* Build configuration list for PBXNativeTarget "IDPMailView" */ = {
			isa = XCConfigurationList;
			buildConfigurations = (
				6926C1571A88F91800FEA821 /* Debug */,
				6926C1581A88F91800FEA821 /* Release */,
			);
			defaultConfigurationIsVisible = 0;
			defaultConfigurationName = Release;
		};
		6926C1591A88F91800FEA821 /* Build configuration list for PBXNativeTarget "IDPMailViewTests" */ = {
			isa = XCConfigurationList;
			buildConfigurations = (
				6926C15A1A88F91800FEA821 /* Debug */,
				6926C15B1A88F91800FEA821 /* Release */,
			);
			defaultConfigurationIsVisible = 0;
			defaultConfigurationName = Release;
		};
/* End XCConfigurationList section */
	};
	rootObject = 6926C1311A88F91800FEA821 /* Project object */;
}
