// !$*UTF8*$!
{
	archiveVersion = 1;
	classes = {
	};
	objectVersion = 46;
	objects = {

/* Begin PBXBuildFile section */
		6926C1401A88F91800FEA821 /* AppDelegate.m in Sources */ = {isa = PBXBuildFile; fileRef = 6926C13F1A88F91800FEA821 /* AppDelegate.m */; };
		6926C1421A88F91800FEA821 /* main.m in Sources */ = {isa = PBXBuildFile; fileRef = 6926C1411A88F91800FEA821 /* main.m */; };
		6926C1441A88F91800FEA821 /* Images.xcassets in Resources */ = {isa = PBXBuildFile; fileRef = 6926C1431A88F91800FEA821 /* Images.xcassets */; };
		6926C1471A88F91800FEA821 /* MainMenu.xib in Resources */ = {isa = PBXBuildFile; fileRef = 6926C1451A88F91800FEA821 /* MainMenu.xib */; };
		6926C1531A88F91800FEA821 /* IDPMailViewTests.m in Sources */ = {isa = PBXBuildFile; fileRef = 6926C1521A88F91800FEA821 /* IDPMailViewTests.m */; };
/* End PBXBuildFile section */

/* Begin PBXContainerItemProxy section */
		6926C14D1A88F91800FEA821 /* PBXContainerItemProxy */ = {
			isa = PBXContainerItemProxy;
			containerPortal = 6926C1311A88F91800FEA821 /* Project object */;
			proxyType = 1;
			remoteGlobalIDString = 6926C1381A88F91800FEA821;
			remoteInfo = IDPMailView;
		};
/* End PBXContainerItemProxy section */

/* Begin PBXFileReference section */
		6926C1391A88F91800FEA821 /* IDPMailView.app */ = {isa = PBXFileReference; explicitFileType = wrapper.application; includeInIndex = 0; path = IDPMailView.app; sourceTree = BUILT_PRODUCTS_DIR; };
		6926C13D1A88F91800FEA821 /* Info.plist */ = {isa = PBXFileReference; lastKnownFileType = text.plist.xml; path = Info.plist; sourceTree = "<group>"; };
		6926C13E1A88F91800FEA821 /* AppDelegate.h */ = {isa = PBXFileReference; lastKnownFileType = sourcecode.c.h; path = AppDelegate.h; sourceTree = "<group>"; };
		6926C13F1A88F91800FEA821 /* AppDelegate.m */ = {isa = PBXFileReference; lastKnownFileType = sourcecode.c.objc; path = AppDelegate.m; sourceTree = "<group>"; };
		6926C1411A88F91800FEA821 /* main.m */ = {isa = PBXFileReference; lastKnownFileType = sourcecode.c.objc; path = main.m; sourceTree = "<group>"; };
		6926C1431A88F91800FEA821 /* Images.xcassets */ = {isa = PBXFileReference; lastKnownFileType = folder.assetcatalog; path = Images.xcassets; sourceTree = "<group>"; };
		6926C1461A88F91800FEA821 /* Base */ = {isa = PBXFileReference; lastKnownFileType = file.xib; name = Base; path = Base.lproj/MainMenu.xib; sourceTree = "<group>"; };
		6926C14C1A88F91800FEA821 /* IDPMailViewTests.xctest */ = {isa = PBXFileReference; explicitFileType = wrapper.cfbundle; includeInIndex = 0; path = IDPMailViewTests.xctest; sourceTree = BUILT_PRODUCTS_DIR; };
		6926C1511A88F91800FEA821 /* Info.plist */ = {isa = PBXFileReference; lastKnownFileType = text.plist.xml; path = Info.plist; sourceTree = "<group>"; };
		6926C1521A88F91800FEA821 /* IDPMailViewTests.m */ = {isa = PBXFileReference; lastKnownFileType = sourcecode.c.objc; path = IDPMailViewTests.m; sourceTree = "<group>"; };
/* End PBXFileReference section */

/* Begin PBXFrameworksBuildPhase section */
		6926C1361A88F91800FEA821 /* Frameworks */ = {
			isa = PBXFrameworksBuildPhase;
			buildActionMask = 2147483647;
			files = (
			);
			runOnlyForDeploymentPostprocessing = 0;
		};
		6926C1491A88F91800FEA821 /* Frameworks */ = {
			isa = PBXFrameworksBuildPhase;
			buildActionMask = 2147483647;
			files = (
			);
			runOnlyForDeploymentPostprocessing = 0;
		};
/* End PBXFrameworksBuildPhase section */

/* Begin PBXGroup section */
		6926C1301A88F91800FEA821 = {
			isa = PBXGroup;
			children = (
				6926C13B1A88F91800FEA821 /* IDPMailView */,
				6926C14F1A88F91800FEA821 /* IDPMailViewTests */,
				6926C13A1A88F91800FEA821 /* Products */,
			);
			sourceTree = "<group>";
		};
		6926C13A1A88F91800FEA821 /* Products */ = {
			isa = PBXGroup;
			children = (
				6926C1391A88F91800FEA821 /* IDPMailView.app */,
				6926C14C1A88F91800FEA821 /* IDPMailViewTests.xctest */,
			);
			name = Products;
			sourceTree = "<group>";
		};
		6926C13B1A88F91800FEA821 /* IDPMailView */ = {
			isa = PBXGroup;
			children = (
				6926C13E1A88F91800FEA821 /* AppDelegate.h */,
				6926C13F1A88F91800FEA821 /* AppDelegate.m */,
				6926C1431A88F91800FEA821 /* Images.xcassets */,
				6926C1451A88F91800FEA821 /* MainMenu.xib */,
				6926C13C1A88F91800FEA821 /* Supporting Files */,
			);
			path = IDPMailView;
			sourceTree = "<group>";
		};
		6926C13C1A88F91800FEA821 /* Supporting Files */ = {
			isa = PBXGroup;
			children = (
				6926C13D1A88F91800FEA821 /* Info.plist */,
				6926C1411A88F91800FEA821 /* main.m */,
			);
			name = "Supporting Files";
			sourceTree = "<group>";
		};
		6926C14F1A88F91800FEA821 /* IDPMailViewTests */ = {
			isa = PBXGroup;
			children = (
				6926C1521A88F91800FEA821 /* IDPMailViewTests.m */,
				6926C1501A88F91800FEA821 /* Supporting Files */,
			);
			path = IDPMailViewTests;
			sourceTree = "<group>";
		};
		6926C1501A88F91800FEA821 /* Supporting Files */ = {
			isa = PBXGroup;
			children = (
				6926C1511A88F91800FEA821 /* Info.plist */,
			);
			name = "Supporting Files";
			sourceTree = "<group>";
		};
/* End PBXGroup section */

/* Begin PBXNativeTarget section */
		6926C1381A88F91800FEA821 /* IDPMailView */ = {
			isa = PBXNativeTarget;
			buildConfigurationList = 6926C1561A88F91800FEA821 /* Build configuration list for PBXNativeTarget "IDPMailView" */;
			buildPhases = (
				6926C1351A88F91800FEA821 /* Sources */,
				6926C1361A88F91800FEA821 /* Frameworks */,
				6926C1371A88F91800FEA821 /* Resources */,
			);
			buildRules = (
			);
			dependencies = (
			);
			name = IDPMailView;
			productName = IDPMailView;
			productReference = 6926C1391A88F91800FEA821 /* IDPMailView.app */;
			productType = "com.apple.product-type.application";
		};
		6926C14B1A88F91800FEA821 /* IDPMailViewTests */ = {
			isa = PBXNativeTarget;
			buildConfigurationList = 6926C1591A88F91800FEA821 /* Build configuration list for PBXNativeTarget "IDPMailViewTests" */;
			buildPhases = (
				6926C1481A88F91800FEA821 /* Sources */,
				6926C1491A88F91800FEA821 /* Frameworks */,
				6926C14A1A88F91800FEA821 /* Resources */,
			);
			buildRules = (
			);
			dependencies = (
				6926C14E1A88F91800FEA821 /* PBXTargetDependency */,
			);
			name = IDPMailViewTests;
			productName = IDPMailViewTests;
			productReference = 6926C14C1A88F91800FEA821 /* IDPMailViewTests.xctest */;
			productType = "com.apple.product-type.bundle.unit-test";
		};
/* End PBXNativeTarget section */

/* Begin PBXProject section */
		6926C1311A88F91800FEA821 /* Project object */ = {
			isa = PBXProject;
			attributes = {
				LastUpgradeCheck = 0610;
				ORGANIZATIONNAME = "IDAP Group";
				TargetAttributes = {
					6926C1381A88F91800FEA821 = {
						CreatedOnToolsVersion = 6.1.1;
					};
					6926C14B1A88F91800FEA821 = {
						CreatedOnToolsVersion = 6.1.1;
						TestTargetID = 6926C1381A88F91800FEA821;
					};
				};
			};
			buildConfigurationList = 6926C1341A88F91800FEA821 /* Build configuration list for PBXProject "IDPMailView" */;
			compatibilityVersion = "Xcode 3.2";
			developmentRegion = English;
			hasScannedForEncodings = 0;
			knownRegions = (
				en,
				Base,
			);
			mainGroup = 6926C1301A88F91800FEA821;
			productRefGroup = 6926C13A1A88F91800FEA821 /* Products */;
			projectDirPath = "";
			projectRoot = "";
			targets = (
				6926C1381A88F91800FEA821 /* IDPMailView */,
				6926C14B1A88F91800FEA821 /* IDPMailViewTests */,
			);
		};
/* End PBXProject section */

/* Begin PBXResourcesBuildPhase section */
		6926C1371A88F91800FEA821 /* Resources */ = {
			isa = PBXResourcesBuildPhase;
			buildActionMask = 2147483647;
			files = (
				6926C1441A88F91800FEA821 /* Images.xcassets in Resources */,
				6926C1471A88F91800FEA821 /* MainMenu.xib in Resources */,
			);
			runOnlyForDeploymentPostprocessing = 0;
		};
		6926C14A1A88F91800FEA821 /* Resources */ = {
			isa = PBXResourcesBuildPhase;
			buildActionMask = 2147483647;
			files = (
			);
			runOnlyForDeploymentPostprocessing = 0;
		};
/* End PBXResourcesBuildPhase section */

/* Begin PBXSourcesBuildPhase section */
		6926C1351A88F91800FEA821 /* Sources */ = {
			isa = PBXSourcesBuildPhase;
			buildActionMask = 2147483647;
			files = (
				6926C1421A88F91800FEA821 /* main.m in Sources */,
				6926C1401A88F91800FEA821 /* AppDelegate.m in Sources */,
			);
			runOnlyForDeploymentPostprocessing = 0;
		};
		6926C1481A88F91800FEA821 /* Sources */ = {
			isa = PBXSourcesBuildPhase;
			buildActionMask = 2147483647;
			files = (
				6926C1531A88F91800FEA821 /* IDPMailViewTests.m in Sources */,
			);
			runOnlyForDeploymentPostprocessing = 0;
		};
/* End PBXSourcesBuildPhase section */

/* Begin PBXTargetDependency section */
		6926C14E1A88F91800FEA821 /* PBXTargetDependency */ = {
			isa = PBXTargetDependency;
			target = 6926C1381A88F91800FEA821 /* IDPMailView */;
			targetProxy = 6926C14D1A88F91800FEA821 /* PBXContainerItemProxy */;
		};
/* End PBXTargetDependency section */

/* Begin PBXVariantGroup section */
		6926C1451A88F91800FEA821 /* MainMenu.xib */ = {
			isa = PBXVariantGroup;
			children = (
				6926C1461A88F91800FEA821 /* Base */,
			);
			name = MainMenu.xib;
			sourceTree = "<group>";
		};
/* End PBXVariantGroup section */

/* Begin XCBuildConfiguration section */
		6926C1541A88F91800FEA821 /* Debug */ = {
			isa = XCBuildConfiguration;
			buildSettings = {
				ALWAYS_SEARCH_USER_PATHS = NO;
				CLANG_CXX_LANGUAGE_STANDARD = "gnu++0x";
				CLANG_CXX_LIBRARY = "libc++";
				CLANG_ENABLE_MODULES = YES;
				CLANG_ENABLE_OBJC_ARC = YES;
				CLANG_WARN_BOOL_CONVERSION = YES;
				CLANG_WARN_CONSTANT_CONVERSION = YES;
				CLANG_WARN_DIRECT_OBJC_ISA_USAGE = YES_ERROR;
				CLANG_WARN_EMPTY_BODY = YES;
				CLANG_WARN_ENUM_CONVERSION = YES;
				CLANG_WARN_INT_CONVERSION = YES;
				CLANG_WARN_OBJC_ROOT_CLASS = YES_ERROR;
				CLANG_WARN_UNREACHABLE_CODE = YES;
				CLANG_WARN__DUPLICATE_METHOD_MATCH = YES;
				CODE_SIGN_IDENTITY = "-";
				COPY_PHASE_STRIP = NO;
				ENABLE_STRICT_OBJC_MSGSEND = YES;
				GCC_C_LANGUAGE_STANDARD = gnu99;
				GCC_DYNAMIC_NO_PIC = NO;
				GCC_OPTIMIZATION_LEVEL = 0;
				GCC_PREPROCESSOR_DEFINITIONS = (
					"DEBUG=1",
					"$(inherited)",
				);
				GCC_SYMBOLS_PRIVATE_EXTERN = NO;
				GCC_WARN_64_TO_32_BIT_CONVERSION = YES;
				GCC_WARN_ABOUT_RETURN_TYPE = YES_ERROR;
				GCC_WARN_UNDECLARED_SELECTOR = YES;
				GCC_WARN_UNINITIALIZED_AUTOS = YES_AGGRESSIVE;
				GCC_WARN_UNUSED_FUNCTION = YES;
				GCC_WARN_UNUSED_VARIABLE = YES;
				MACOSX_DEPLOYMENT_TARGET = 10.9;
				MTL_ENABLE_DEBUG_INFO = YES;
				ONLY_ACTIVE_ARCH = YES;
				SDKROOT = macosx;
			};
			name = Debug;
		};
		6926C1551A88F91800FEA821 /* Release */ = {
			isa = XCBuildConfiguration;
			buildSettings = {
				ALWAYS_SEARCH_USER_PATHS = NO;
				CLANG_CXX_LANGUAGE_STANDARD = "gnu++0x";
				CLANG_CXX_LIBRARY = "libc++";
				CLANG_ENABLE_MODULES = YES;
				CLANG_ENABLE_OBJC_ARC = YES;
				CLANG_WARN_BOOL_CONVERSION = YES;
				CLANG_WARN_CONSTANT_CONVERSION = YES;
				CLANG_WARN_DIRECT_OBJC_ISA_USAGE = YES_ERROR;
				CLANG_WARN_EMPTY_BODY = YES;
				CLANG_WARN_ENUM_CONVERSION = YES;
				CLANG_WARN_INT_CONVERSION = YES;
				CLANG_WARN_OBJC_ROOT_CLASS = YES_ERROR;
				CLANG_WARN_UNREACHABLE_CODE = YES;
				CLANG_WARN__DUPLICATE_METHOD_MATCH = YES;
				CODE_SIGN_IDENTITY = "-";
				COPY_PHASE_STRIP = YES;
				DEBUG_INFORMATION_FORMAT = "dwarf-with-dsym";
				ENABLE_NS_ASSERTIONS = NO;
				ENABLE_STRICT_OBJC_MSGSEND = YES;
				GCC_C_LANGUAGE_STANDARD = gnu99;
				GCC_WARN_64_TO_32_BIT_CONVERSION = YES;
				GCC_WARN_ABOUT_RETURN_TYPE = YES_ERROR;
				GCC_WARN_UNDECLARED_SELECTOR = YES;
				GCC_WARN_UNINITIALIZED_AUTOS = YES_AGGRESSIVE;
				GCC_WARN_UNUSED_FUNCTION = YES;
				GCC_WARN_UNUSED_VARIABLE = YES;
				MACOSX_DEPLOYMENT_TARGET = 10.9;
				MTL_ENABLE_DEBUG_INFO = NO;
				SDKROOT = macosx;
			};
			name = Release;
		};
		6926C1571A88F91800FEA821 /* Debug */ = {
			isa = XCBuildConfiguration;
			buildSettings = {
				ASSETCATALOG_COMPILER_APPICON_NAME = AppIcon;
				COMBINE_HIDPI_IMAGES = YES;
				INFOPLIST_FILE = IDPMailView/Info.plist;
				LD_RUNPATH_SEARCH_PATHS = "$(inherited) @executable_path/../Frameworks";
				PRODUCT_NAME = "$(TARGET_NAME)";
			};
			name = Debug;
		};
		6926C1581A88F91800FEA821 /* Release */ = {
			isa = XCBuildConfiguration;
			buildSettings = {
				ASSETCATALOG_COMPILER_APPICON_NAME = AppIcon;
				COMBINE_HIDPI_IMAGES = YES;
				INFOPLIST_FILE = IDPMailView/Info.plist;
				LD_RUNPATH_SEARCH_PATHS = "$(inherited) @executable_path/../Frameworks";
				PRODUCT_NAME = "$(TARGET_NAME)";
			};
			name = Release;
		};
		6926C15A1A88F91800FEA821 /* Debug */ = {
			isa = XCBuildConfiguration;
			buildSettings = {
				BUNDLE_LOADER = "$(TEST_HOST)";
				COMBINE_HIDPI_IMAGES = YES;
				FRAMEWORK_SEARCH_PATHS = (
					"$(DEVELOPER_FRAMEWORKS_DIR)",
					"$(inherited)",
				);
				GCC_PREPROCESSOR_DEFINITIONS = (
					"DEBUG=1",
					"$(inherited)",
				);
				INFOPLIST_FILE = IDPMailViewTests/Info.plist;
				LD_RUNPATH_SEARCH_PATHS = "$(inherited) @executable_path/../Frameworks @loader_path/../Frameworks";
				PRODUCT_NAME = "$(TARGET_NAME)";
				TEST_HOST = "$(BUILT_PRODUCTS_DIR)/IDPMailView.app/Contents/MacOS/IDPMailView";
			};
			name = Debug;
		};
		6926C15B1A88F91800FEA821 /* Release */ = {
			isa = XCBuildConfiguration;
			buildSettings = {
				BUNDLE_LOADER = "$(TEST_HOST)";
				COMBINE_HIDPI_IMAGES = YES;
				FRAMEWORK_SEARCH_PATHS = (
					"$(DEVELOPER_FRAMEWORKS_DIR)",
					"$(inherited)",
				);
				INFOPLIST_FILE = IDPMailViewTests/Info.plist;
				LD_RUNPATH_SEARCH_PATHS = "$(inherited) @executable_path/../Frameworks @loader_path/../Frameworks";
				PRODUCT_NAME = "$(TARGET_NAME)";
				TEST_HOST = "$(BUILT_PRODUCTS_DIR)/IDPMailView.app/Contents/MacOS/IDPMailView";
			};
			name = Release;
		};
/* End XCBuildConfiguration section */

/* Begin XCConfigurationList section */
		6926C1341A88F91800FEA821 /* Build configuration list for PBXProject "IDPMailView" */ = {
			isa = XCConfigurationList;
			buildConfigurations = (
				6926C1541A88F91800FEA821 /* Debug */,
				6926C1551A88F91800FEA821 /* Release */,
			);
			defaultConfigurationIsVisible = 0;
			defaultConfigurationName = Release;
		};
		6926C1561A88F91800FEA821 /* Build configuration list for PBXNativeTarget "IDPMailView" */ = {
			isa = XCConfigurationList;
			buildConfigurations = (
				6926C1571A88F91800FEA821 /* Debug */,
				6926C1581A88F91800FEA821 /* Release */,
			);
			defaultConfigurationIsVisible = 0;
		};
		6926C1591A88F91800FEA821 /* Build configuration list for PBXNativeTarget "IDPMailViewTests" */ = {
			isa = XCConfigurationList;
			buildConfigurations = (
				6926C15A1A88F91800FEA821 /* Debug */,
				6926C15B1A88F91800FEA821 /* Release */,
			);
			defaultConfigurationIsVisible = 0;
		};
/* End XCConfigurationList section */
	};
	rootObject = 6926C1311A88F91800FEA821 /* Project object */;
}
